// !$*UTF8*$!
{
	archiveVersion = 1;
	classes = {
	};
	objectVersion = 55;
	objects = {

/* Begin PBXBuildFile section */
		2F1ECA8E28EC4C5400084C5C /* LoadCachedFeedUseCaseTests.swift in Sources */ = {isa = PBXBuildFile; fileRef = 2F1ECA8D28EC4C5400084C5C /* LoadCachedFeedUseCaseTests.swift */; };
		2F1ECA9128EC4D5D00084C5C /* FeedStoreSpy.swift in Sources */ = {isa = PBXBuildFile; fileRef = 2F1ECA9028EC4D5D00084C5C /* FeedStoreSpy.swift */; };
		2F235061290D8EE4004C5BB7 /* FeedStore.xcdatamodeld in Sources */ = {isa = PBXBuildFile; fileRef = 2F23505F290D8EE4004C5BB7 /* FeedStore.xcdatamodeld */; };
		2F2705F628EB02BA00C4571E /* CachedFeedUseCaseTests.swift in Sources */ = {isa = PBXBuildFile; fileRef = 2F2705F528EB02BA00C4571E /* CachedFeedUseCaseTests.swift */; };
		2F2705F828EB33B400C4571E /* LocalFeedLoader.swift in Sources */ = {isa = PBXBuildFile; fileRef = 2F2705F728EB33B400C4571E /* LocalFeedLoader.swift */; };
		2F2705FA28EB33E500C4571E /* FeedStore.swift in Sources */ = {isa = PBXBuildFile; fileRef = 2F2705F928EB33E500C4571E /* FeedStore.swift */; };
		2F2705FC28EB3DBE00C4571E /* LocalFeedImage.swift in Sources */ = {isa = PBXBuildFile; fileRef = 2F2705FB28EB3DBE00C4571E /* LocalFeedImage.swift */; };
		2F2914D928E60FFA0004FCC2 /* HTTPClient.swift in Sources */ = {isa = PBXBuildFile; fileRef = 2F2914D828E60FFA0004FCC2 /* HTTPClient.swift */; };
		2F2914DB28E6101D0004FCC2 /* FeedImagesMapper.swift in Sources */ = {isa = PBXBuildFile; fileRef = 2F2914DA28E6101D0004FCC2 /* FeedImagesMapper.swift */; };
		2F29959728ED738100FE13D4 /* ValidateFeedCachedUseCaseTests.swift in Sources */ = {isa = PBXBuildFile; fileRef = 2F29959628ED738100FE13D4 /* ValidateFeedCachedUseCaseTests.swift */; };
		2F29959928ED796900FE13D4 /* FeedCacheTestsHelpers.swift in Sources */ = {isa = PBXBuildFile; fileRef = 2F29959828ED796900FE13D4 /* FeedCacheTestsHelpers.swift */; };
		2F29959B28ED79DE00FE13D4 /* SharedTestsHelpers.swift in Sources */ = {isa = PBXBuildFile; fileRef = 2F29959A28ED79DE00FE13D4 /* SharedTestsHelpers.swift */; };
		2F29959D28EDE6A200FE13D4 /* FeedCachePolicy.swift in Sources */ = {isa = PBXBuildFile; fileRef = 2F29959C28EDE6A200FE13D4 /* FeedCachePolicy.swift */; };
		2F29A8E628E6F226001D9E5A /* URLSessionHTTPClientTests.swift in Sources */ = {isa = PBXBuildFile; fileRef = 2F29A8E528E6F226001D9E5A /* URLSessionHTTPClientTests.swift */; };
		2F29A8E928E75094001D9E5A /* XCTestCase+TrackingMemoryLeak.swift in Sources */ = {isa = PBXBuildFile; fileRef = 2F29A8E828E75094001D9E5A /* XCTestCase+TrackingMemoryLeak.swift */; };
		2F29A8EB28E7631C001D9E5A /* URLSessionHTTPClient.swift in Sources */ = {isa = PBXBuildFile; fileRef = 2F29A8EA28E7631C001D9E5A /* URLSessionHTTPClient.swift */; };
		2F29A8F328E76679001D9E5A /* EssentialFeedAPIEndToEndTests.swift in Sources */ = {isa = PBXBuildFile; fileRef = 2F29A8F228E76679001D9E5A /* EssentialFeedAPIEndToEndTests.swift */; };
		2F29A8F428E76679001D9E5A /* EssentialFeed.framework in Frameworks */ = {isa = PBXBuildFile; fileRef = 2F43DAEB28E354EA00578E22 /* EssentialFeed.framework */; };
		2F29A8FA28E76C7B001D9E5A /* XCTestCase+TrackingMemoryLeak.swift in Sources */ = {isa = PBXBuildFile; fileRef = 2F29A8E828E75094001D9E5A /* XCTestCase+TrackingMemoryLeak.swift */; };
		2F2D797728EFFDC200826476 /* FeedStoreSpecs.swift in Sources */ = {isa = PBXBuildFile; fileRef = 2F2D797628EFFDC200826476 /* FeedStoreSpecs.swift */; };
		2F2D797928EFFE2300826476 /* XCTestCases+FeedStoreSpecs.swift in Sources */ = {isa = PBXBuildFile; fileRef = 2F2D797828EFFE2300826476 /* XCTestCases+FeedStoreSpecs.swift */; };
		2F2D797B28F0058700826476 /* XCTestCase+FailableRetrieveFeedStoreSpecs.swift in Sources */ = {isa = PBXBuildFile; fileRef = 2F2D797A28F0058700826476 /* XCTestCase+FailableRetrieveFeedStoreSpecs.swift */; };
		2F2D797D28F0075100826476 /* XCTestCase+FailableInsertFeedStoreSpecs.swift in Sources */ = {isa = PBXBuildFile; fileRef = 2F2D797C28F0075100826476 /* XCTestCase+FailableInsertFeedStoreSpecs.swift */; };
		2F2D797F28F0086D00826476 /* XCTestCase+FailableDeleteFeedStoreSpecs.swift in Sources */ = {isa = PBXBuildFile; fileRef = 2F2D797E28F0086D00826476 /* XCTestCase+FailableDeleteFeedStoreSpecs.swift */; };
		2F2DB6F62916BBD300A1F566 /* FeedCache.swift in Sources */ = {isa = PBXBuildFile; fileRef = 2F2DB6F52916BBD300A1F566 /* FeedCache.swift */; };
		2F30D519290AD7F1003E5DFF /* FeedImageDataLoader.swift in Sources */ = {isa = PBXBuildFile; fileRef = 2F31D64A28F5B5AE00929F2B /* FeedImageDataLoader.swift */; };
		2F30D51A290AD7F1003E5DFF /* FeedImageDataLoaderTask.swift in Sources */ = {isa = PBXBuildFile; fileRef = 2F31D64C28F5B5C200929F2B /* FeedImageDataLoaderTask.swift */; };
		2F30D51C290ADA36003E5DFF /* LoadFeedImageDataFromRemoteUseCaseTests.swift in Sources */ = {isa = PBXBuildFile; fileRef = 2F30D51B290ADA36003E5DFF /* LoadFeedImageDataFromRemoteUseCaseTests.swift */; };
		2F30D51E290AFFF3003E5DFF /* RemoteFeedImageDataLoader.swift in Sources */ = {isa = PBXBuildFile; fileRef = 2F30D51D290AFFF3003E5DFF /* RemoteFeedImageDataLoader.swift */; };
		2F30D521290B097A003E5DFF /* HTTPURLResponse+StatusCode.swift in Sources */ = {isa = PBXBuildFile; fileRef = 2F30D520290B097A003E5DFF /* HTTPURLResponse+StatusCode.swift */; };
		2F31D65128F5C0EA00929F2B /* FeedImageCellController.swift in Sources */ = {isa = PBXBuildFile; fileRef = 2F31D65028F5C0EA00929F2B /* FeedImageCellController.swift */; };
		2F31D65928F5EEE600929F2B /* FeedImageViewModel.swift in Sources */ = {isa = PBXBuildFile; fileRef = 2F31D65828F5EEE600929F2B /* FeedImageViewModel.swift */; };
		2F3769A2290D7B8D006C57BC /* CoreDataFeedImageDataStoreTests.swift in Sources */ = {isa = PBXBuildFile; fileRef = 2F3769A1290D7B8D006C57BC /* CoreDataFeedImageDataStoreTests.swift */; };
		2F3769A7290D8A0F006C57BC /* CoreDataFeedStore+FeedImageDataLoader.swift in Sources */ = {isa = PBXBuildFile; fileRef = 2F3769A6290D8A0F006C57BC /* CoreDataFeedStore+FeedImageDataLoader.swift */; };
		2F3931FF28F1A491005A651E /* EssentialFeediOS.framework in Frameworks */ = {isa = PBXBuildFile; fileRef = 2F3931F728F1A490005A651E /* EssentialFeediOS.framework */; };
		2F39321528F2DB8E005A651E /* XCTestCase+TrackingMemoryLeak.swift in Sources */ = {isa = PBXBuildFile; fileRef = 2F29A8E828E75094001D9E5A /* XCTestCase+TrackingMemoryLeak.swift */; };
		2F39321728F2E454005A651E /* FeedViewController.swift in Sources */ = {isa = PBXBuildFile; fileRef = 2F39321628F2E454005A651E /* FeedViewController.swift */; };
		2F39321828F32DD0005A651E /* EssentialFeed.framework in Frameworks */ = {isa = PBXBuildFile; fileRef = 2F43DAEB28E354EA00578E22 /* EssentialFeed.framework */; };
		2F39321928F32DD0005A651E /* EssentialFeed.framework in Embed Frameworks */ = {isa = PBXBuildFile; fileRef = 2F43DAEB28E354EA00578E22 /* EssentialFeed.framework */; settings = {ATTRIBUTES = (CodeSignOnCopy, RemoveHeadersOnCopy, ); }; };
		2F3AA4672909900A00B02FDA /* ErrorView.swift in Sources */ = {isa = PBXBuildFile; fileRef = 2F3AA4662909900A00B02FDA /* ErrorView.swift */; };
		2F3AA46F2909959F00B02FDA /* UIRefreshControler+Helpers.swift in Sources */ = {isa = PBXBuildFile; fileRef = 2F3AA46E2909959F00B02FDA /* UIRefreshControler+Helpers.swift */; };
		2F3AA473290996DF00B02FDA /* FeedPresenterTests.swift in Sources */ = {isa = PBXBuildFile; fileRef = 2F3AA472290996DF00B02FDA /* FeedPresenterTests.swift */; };
		2F3AA4762909A55900B02FDA /* LocalizedStringHelpers.swift in Sources */ = {isa = PBXBuildFile; fileRef = 2F3AA4752909A55900B02FDA /* LocalizedStringHelpers.swift */; };
		2F3AA47A2909A87600B02FDA /* FeedLocalizationTests.swift in Sources */ = {isa = PBXBuildFile; fileRef = 2F3AA4792909A87600B02FDA /* FeedLocalizationTests.swift */; };
		2F3AA4822909AD3300B02FDA /* FeedPresenter.swift in Sources */ = {isa = PBXBuildFile; fileRef = 2F3AA4812909AD3300B02FDA /* FeedPresenter.swift */; };
		2F3AA4832909AEA000B02FDA /* Feed.strings in Resources */ = {isa = PBXBuildFile; fileRef = 2F3AA47D2909A8E000B02FDA /* Feed.strings */; };
		2F3AA4852909AEC700B02FDA /* FeedViewModel.swift in Sources */ = {isa = PBXBuildFile; fileRef = 2F3AA4842909AEC700B02FDA /* FeedViewModel.swift */; };
		2F3AA4872909AF0500B02FDA /* FeedLoadingViewModel.swift in Sources */ = {isa = PBXBuildFile; fileRef = 2F3AA4862909AF0500B02FDA /* FeedLoadingViewModel.swift */; };
		2F3AA4892909AF2600B02FDA /* FeedErrorViewModel.swift in Sources */ = {isa = PBXBuildFile; fileRef = 2F3AA4882909AF2600B02FDA /* FeedErrorViewModel.swift */; };
		2F3F07732905CC73009BEEB9 /* UITableView+Dequeueing.swift in Sources */ = {isa = PBXBuildFile; fileRef = 2F3F07722905CC73009BEEB9 /* UITableView+Dequeueing.swift */; };
		2F3F07752905D1D5009BEEB9 /* UIImageView+Animations.swift in Sources */ = {isa = PBXBuildFile; fileRef = 2F3F07742905D1D5009BEEB9 /* UIImageView+Animations.swift */; };
		2F43DAF028E354EA00578E22 /* EssentialFeed.docc in Sources */ = {isa = PBXBuildFile; fileRef = 2F43DAEF28E354EA00578E22 /* EssentialFeed.docc */; };
		2F43DAF628E354EB00578E22 /* EssentialFeed.framework in Frameworks */ = {isa = PBXBuildFile; fileRef = 2F43DAEB28E354EA00578E22 /* EssentialFeed.framework */; };
		2F43DAFC28E354EB00578E22 /* EssentialFeed.h in Headers */ = {isa = PBXBuildFile; fileRef = 2F43DAEE28E354EA00578E22 /* EssentialFeed.h */; settings = {ATTRIBUTES = (Public, ); }; };
		2F43DB0728E356E400578E22 /* FeedImage.swift in Sources */ = {isa = PBXBuildFile; fileRef = 2F43DB0628E356E400578E22 /* FeedImage.swift */; };
		2F43DB0928E3578B00578E22 /* FeedLoader.swift in Sources */ = {isa = PBXBuildFile; fileRef = 2F43DB0828E3578B00578E22 /* FeedLoader.swift */; };
		2F43DB0B28E357EF00578E22 /* LoadFeedFromRemoteUseCaseTests.swift in Sources */ = {isa = PBXBuildFile; fileRef = 2F43DB0A28E357EF00578E22 /* LoadFeedFromRemoteUseCaseTests.swift */; };
		2F43DB0E28E362DE00578E22 /* RemoteFeedLoader.swift in Sources */ = {isa = PBXBuildFile; fileRef = 2F43DB0D28E362DE00578E22 /* RemoteFeedLoader.swift */; };
		2F4792EA290D13B30012D085 /* LoadFeedImageDataFromCacheUseCaseTests.swift in Sources */ = {isa = PBXBuildFile; fileRef = 2F4792E9290D13B30012D085 /* LoadFeedImageDataFromCacheUseCaseTests.swift */; };
		2F4792EC290D22A50012D085 /* FeedImageDataStore.swift in Sources */ = {isa = PBXBuildFile; fileRef = 2F4792EB290D22A50012D085 /* FeedImageDataStore.swift */; };
		2F4792EE290D22C10012D085 /* LocalFeedImageDataLoader.swift in Sources */ = {isa = PBXBuildFile; fileRef = 2F4792ED290D22C10012D085 /* LocalFeedImageDataLoader.swift */; };
		2F4792F0290D3B410012D085 /* FeedImageStoreSpy.swift in Sources */ = {isa = PBXBuildFile; fileRef = 2F4792EF290D3B410012D085 /* FeedImageStoreSpy.swift */; };
		2F4792F2290D3CBB0012D085 /* CacheFeedImageDataUseCaseTests.swift in Sources */ = {isa = PBXBuildFile; fileRef = 2F4792F1290D3CBB0012D085 /* CacheFeedImageDataUseCaseTests.swift */; };
		2F4A393D2924FAA000849B49 /* FeedSnapshotTests.swift in Sources */ = {isa = PBXBuildFile; fileRef = 2F4A393C2924FAA000849B49 /* FeedSnapshotTests.swift */; };
		2F4A3940292502AD00849B49 /* UIImage+Color.swift in Sources */ = {isa = PBXBuildFile; fileRef = 2F4A393F292502AD00849B49 /* UIImage+Color.swift */; };
		2F4A394A2926926700849B49 /* FEED_WITH_ERROR_dark.png in Resources */ = {isa = PBXBuildFile; fileRef = 2F4A39422926926700849B49 /* FEED_WITH_ERROR_dark.png */; };
		2F4A394B2926926700849B49 /* FEED_WITH_FAILED_IMAGE_LOADING_dark.png in Resources */ = {isa = PBXBuildFile; fileRef = 2F4A39432926926700849B49 /* FEED_WITH_FAILED_IMAGE_LOADING_dark.png */; };
		2F4A394C2926926700849B49 /* FEED_WITH_CONTENT_dark.png in Resources */ = {isa = PBXBuildFile; fileRef = 2F4A39442926926700849B49 /* FEED_WITH_CONTENT_dark.png */; };
		2F4A394D2926926700849B49 /* FEED_WITH_ERROR_light.png in Resources */ = {isa = PBXBuildFile; fileRef = 2F4A39452926926700849B49 /* FEED_WITH_ERROR_light.png */; };
		2F4A394E2926926700849B49 /* EMPTY_FEED_light.png in Resources */ = {isa = PBXBuildFile; fileRef = 2F4A39462926926700849B49 /* EMPTY_FEED_light.png */; };
		2F4A394F2926926700849B49 /* FEED_WITH_CONTENT_light.png in Resources */ = {isa = PBXBuildFile; fileRef = 2F4A39472926926700849B49 /* FEED_WITH_CONTENT_light.png */; };
		2F4A39502926926700849B49 /* FEED_WITH_FAILED_IMAGE_LOADING_light.png in Resources */ = {isa = PBXBuildFile; fileRef = 2F4A39482926926700849B49 /* FEED_WITH_FAILED_IMAGE_LOADING_light.png */; };
		2F4A39512926926700849B49 /* EMPTY_FEED_dark.png in Resources */ = {isa = PBXBuildFile; fileRef = 2F4A39492926926700849B49 /* EMPTY_FEED_dark.png */; };
		2F4A39592929035D00849B49 /* LoadImageCommentsFromRemoteUseCaseTests.swift in Sources */ = {isa = PBXBuildFile; fileRef = 2F4A39582929035D00849B49 /* LoadImageCommentsFromRemoteUseCaseTests.swift */; };
		2F4A395C292903BD00849B49 /* RemoteImageCommentsLoader.swift in Sources */ = {isa = PBXBuildFile; fileRef = 2F4A395B292903BD00849B49 /* RemoteImageCommentsLoader.swift */; };
		2F4A395E2929046A00849B49 /* RemoteImageCommentsMapper.swift in Sources */ = {isa = PBXBuildFile; fileRef = 2F4A395D2929046A00849B49 /* RemoteImageCommentsMapper.swift */; };
		2F4A39612929086000849B49 /* ImageComment.swift in Sources */ = {isa = PBXBuildFile; fileRef = 2F4A39602929086000849B49 /* ImageComment.swift */; };
		2F4A396B29291F0A00849B49 /* URLProtocolStub.swift in Sources */ = {isa = PBXBuildFile; fileRef = 2F4A396A29291F0A00849B49 /* URLProtocolStub.swift */; };
		2F4A396F29291F8600849B49 /* HTTPClientSpy.swift in Sources */ = {isa = PBXBuildFile; fileRef = 2F4A396E29291F8600849B49 /* HTTPClientSpy.swift */; };
		2F4A397129292B6E00849B49 /* RemoteLoaderTests.swift in Sources */ = {isa = PBXBuildFile; fileRef = 2F4A397029292B6E00849B49 /* RemoteLoaderTests.swift */; };
		2F4A397329292BC300849B49 /* RemoteLoader.swift in Sources */ = {isa = PBXBuildFile; fileRef = 2F4A397229292BC300849B49 /* RemoteLoader.swift */; };
		2F65C611290D952000BE77B6 /* CoreDataFeedStore+FeedStore.swift in Sources */ = {isa = PBXBuildFile; fileRef = 2F65C610290D952000BE77B6 /* CoreDataFeedStore+FeedStore.swift */; };
		2F76FFB22916D0720036F668 /* FeedImageDataCache.swift in Sources */ = {isa = PBXBuildFile; fileRef = 2F76FFB12916D0720036F668 /* FeedImageDataCache.swift */; };
		2FC508B728F45F8100F99754 /* FeedImageCell.swift in Sources */ = {isa = PBXBuildFile; fileRef = 2FC508B628F45F8100F99754 /* FeedImageCell.swift */; };
		2FC508B928F4790500F99754 /* UIView+Shimmering.swift in Sources */ = {isa = PBXBuildFile; fileRef = 2FC508B828F4790500F99754 /* UIView+Shimmering.swift */; };
		2FE3A32229055C3600F33BE1 /* Feed.storyboard in Resources */ = {isa = PBXBuildFile; fileRef = 2FE3A32129055C3600F33BE1 /* Feed.storyboard */; };
		2FE3A3242905776A00F33BE1 /* FeedImagePresenter.swift in Sources */ = {isa = PBXBuildFile; fileRef = 2FE3A3232905776A00F33BE1 /* FeedImagePresenter.swift */; };
		2FFAAFBD28F070840015A774 /* CoreDataFeedStoreTests.swift in Sources */ = {isa = PBXBuildFile; fileRef = 2FFAAFBC28F070840015A774 /* CoreDataFeedStoreTests.swift */; };
		2FFAAFBF28F071190015A774 /* CoreDataFeedStore.swift in Sources */ = {isa = PBXBuildFile; fileRef = 2FFAAFBE28F071190015A774 /* CoreDataFeedStore.swift */; };
		2FFAAFC828F08AFA0015A774 /* CoreDataHelpers.swift in Sources */ = {isa = PBXBuildFile; fileRef = 2FFAAFC728F08AFA0015A774 /* CoreDataHelpers.swift */; };
		2FFAAFCA28F08B660015A774 /* ManagedCache.swift in Sources */ = {isa = PBXBuildFile; fileRef = 2FFAAFC928F08B660015A774 /* ManagedCache.swift */; };
		2FFAAFCC28F08B730015A774 /* ManagedFeedImage.swift in Sources */ = {isa = PBXBuildFile; fileRef = 2FFAAFCB28F08B730015A774 /* ManagedFeedImage.swift */; };
		2FFAAFD828F0941E0015A774 /* EssentialFeedCacheIntegrationTests.swift in Sources */ = {isa = PBXBuildFile; fileRef = 2FFAAFD728F0941E0015A774 /* EssentialFeedCacheIntegrationTests.swift */; };
		2FFAAFD928F0941E0015A774 /* EssentialFeed.framework in Frameworks */ = {isa = PBXBuildFile; fileRef = 2F43DAEB28E354EA00578E22 /* EssentialFeed.framework */; };
		2FFAAFE028F09A580015A774 /* XCTestCase+TrackingMemoryLeak.swift in Sources */ = {isa = PBXBuildFile; fileRef = 2F29A8E828E75094001D9E5A /* XCTestCase+TrackingMemoryLeak.swift */; };
		2FFAAFE128F09C160015A774 /* SharedTestsHelpers.swift in Sources */ = {isa = PBXBuildFile; fileRef = 2F29959A28ED79DE00FE13D4 /* SharedTestsHelpers.swift */; };
		2FFAAFE228F09C250015A774 /* FeedCacheTestsHelpers.swift in Sources */ = {isa = PBXBuildFile; fileRef = 2F29959828ED796900FE13D4 /* FeedCacheTestsHelpers.swift */; };
/* End PBXBuildFile section */

/* Begin PBXContainerItemProxy section */
		2F29A8F528E76679001D9E5A /* PBXContainerItemProxy */ = {
			isa = PBXContainerItemProxy;
			containerPortal = 2F43DAE228E354EA00578E22 /* Project object */;
			proxyType = 1;
			remoteGlobalIDString = 2F43DAEA28E354EA00578E22;
			remoteInfo = EssentialFeed;
		};
		2F39320028F1A491005A651E /* PBXContainerItemProxy */ = {
			isa = PBXContainerItemProxy;
			containerPortal = 2F43DAE228E354EA00578E22 /* Project object */;
			proxyType = 1;
			remoteGlobalIDString = 2F3931F628F1A490005A651E;
			remoteInfo = EssentialFeediOS;
		};
		2F39321A28F32DD0005A651E /* PBXContainerItemProxy */ = {
			isa = PBXContainerItemProxy;
			containerPortal = 2F43DAE228E354EA00578E22 /* Project object */;
			proxyType = 1;
			remoteGlobalIDString = 2F43DAEA28E354EA00578E22;
			remoteInfo = EssentialFeed;
		};
		2F43DAF728E354EB00578E22 /* PBXContainerItemProxy */ = {
			isa = PBXContainerItemProxy;
			containerPortal = 2F43DAE228E354EA00578E22 /* Project object */;
			proxyType = 1;
			remoteGlobalIDString = 2F43DAEA28E354EA00578E22;
			remoteInfo = EssentialFeed;
		};
		2FFAAFDA28F0941E0015A774 /* PBXContainerItemProxy */ = {
			isa = PBXContainerItemProxy;
			containerPortal = 2F43DAE228E354EA00578E22 /* Project object */;
			proxyType = 1;
			remoteGlobalIDString = 2F43DAEA28E354EA00578E22;
			remoteInfo = EssentialFeed;
		};
/* End PBXContainerItemProxy section */

/* Begin PBXCopyFilesBuildPhase section */
		2F39321C28F32DD0005A651E /* Embed Frameworks */ = {
			isa = PBXCopyFilesBuildPhase;
			buildActionMask = 2147483647;
			dstPath = "";
			dstSubfolderSpec = 10;
			files = (
				2F39321928F32DD0005A651E /* EssentialFeed.framework in Embed Frameworks */,
			);
			name = "Embed Frameworks";
			runOnlyForDeploymentPostprocessing = 0;
		};
/* End PBXCopyFilesBuildPhase section */

/* Begin PBXFileReference section */
		2F1ECA8D28EC4C5400084C5C /* LoadCachedFeedUseCaseTests.swift */ = {isa = PBXFileReference; lastKnownFileType = sourcecode.swift; path = LoadCachedFeedUseCaseTests.swift; sourceTree = "<group>"; };
		2F1ECA9028EC4D5D00084C5C /* FeedStoreSpy.swift */ = {isa = PBXFileReference; lastKnownFileType = sourcecode.swift; path = FeedStoreSpy.swift; sourceTree = "<group>"; };
		2F235060290D8EE4004C5BB7 /* FeedStore.xcdatamodel */ = {isa = PBXFileReference; lastKnownFileType = wrapper.xcdatamodel; path = FeedStore.xcdatamodel; sourceTree = "<group>"; };
		2F2705F528EB02BA00C4571E /* CachedFeedUseCaseTests.swift */ = {isa = PBXFileReference; lastKnownFileType = sourcecode.swift; path = CachedFeedUseCaseTests.swift; sourceTree = "<group>"; };
		2F2705F728EB33B400C4571E /* LocalFeedLoader.swift */ = {isa = PBXFileReference; lastKnownFileType = sourcecode.swift; path = LocalFeedLoader.swift; sourceTree = "<group>"; };
		2F2705F928EB33E500C4571E /* FeedStore.swift */ = {isa = PBXFileReference; lastKnownFileType = sourcecode.swift; path = FeedStore.swift; sourceTree = "<group>"; };
		2F2705FB28EB3DBE00C4571E /* LocalFeedImage.swift */ = {isa = PBXFileReference; lastKnownFileType = sourcecode.swift; path = LocalFeedImage.swift; sourceTree = "<group>"; };
		2F2914D828E60FFA0004FCC2 /* HTTPClient.swift */ = {isa = PBXFileReference; lastKnownFileType = sourcecode.swift; path = HTTPClient.swift; sourceTree = "<group>"; };
		2F2914DA28E6101D0004FCC2 /* FeedImagesMapper.swift */ = {isa = PBXFileReference; lastKnownFileType = sourcecode.swift; path = FeedImagesMapper.swift; sourceTree = "<group>"; };
		2F29959628ED738100FE13D4 /* ValidateFeedCachedUseCaseTests.swift */ = {isa = PBXFileReference; lastKnownFileType = sourcecode.swift; path = ValidateFeedCachedUseCaseTests.swift; sourceTree = "<group>"; };
		2F29959828ED796900FE13D4 /* FeedCacheTestsHelpers.swift */ = {isa = PBXFileReference; lastKnownFileType = sourcecode.swift; path = FeedCacheTestsHelpers.swift; sourceTree = "<group>"; };
		2F29959A28ED79DE00FE13D4 /* SharedTestsHelpers.swift */ = {isa = PBXFileReference; lastKnownFileType = sourcecode.swift; path = SharedTestsHelpers.swift; sourceTree = "<group>"; };
		2F29959C28EDE6A200FE13D4 /* FeedCachePolicy.swift */ = {isa = PBXFileReference; lastKnownFileType = sourcecode.swift; path = FeedCachePolicy.swift; sourceTree = "<group>"; };
		2F29A8E528E6F226001D9E5A /* URLSessionHTTPClientTests.swift */ = {isa = PBXFileReference; lastKnownFileType = sourcecode.swift; path = URLSessionHTTPClientTests.swift; sourceTree = "<group>"; };
		2F29A8E828E75094001D9E5A /* XCTestCase+TrackingMemoryLeak.swift */ = {isa = PBXFileReference; lastKnownFileType = sourcecode.swift; path = "XCTestCase+TrackingMemoryLeak.swift"; sourceTree = "<group>"; };
		2F29A8EA28E7631C001D9E5A /* URLSessionHTTPClient.swift */ = {isa = PBXFileReference; lastKnownFileType = sourcecode.swift; path = URLSessionHTTPClient.swift; sourceTree = "<group>"; };
		2F29A8F028E76679001D9E5A /* EssentialFeedAPIEndToEndTests.xctest */ = {isa = PBXFileReference; explicitFileType = wrapper.cfbundle; includeInIndex = 0; path = EssentialFeedAPIEndToEndTests.xctest; sourceTree = BUILT_PRODUCTS_DIR; };
		2F29A8F228E76679001D9E5A /* EssentialFeedAPIEndToEndTests.swift */ = {isa = PBXFileReference; lastKnownFileType = sourcecode.swift; path = EssentialFeedAPIEndToEndTests.swift; sourceTree = "<group>"; };
		2F2D797628EFFDC200826476 /* FeedStoreSpecs.swift */ = {isa = PBXFileReference; lastKnownFileType = sourcecode.swift; path = FeedStoreSpecs.swift; sourceTree = "<group>"; };
		2F2D797828EFFE2300826476 /* XCTestCases+FeedStoreSpecs.swift */ = {isa = PBXFileReference; lastKnownFileType = sourcecode.swift; path = "XCTestCases+FeedStoreSpecs.swift"; sourceTree = "<group>"; };
		2F2D797A28F0058700826476 /* XCTestCase+FailableRetrieveFeedStoreSpecs.swift */ = {isa = PBXFileReference; lastKnownFileType = sourcecode.swift; path = "XCTestCase+FailableRetrieveFeedStoreSpecs.swift"; sourceTree = "<group>"; };
		2F2D797C28F0075100826476 /* XCTestCase+FailableInsertFeedStoreSpecs.swift */ = {isa = PBXFileReference; lastKnownFileType = sourcecode.swift; path = "XCTestCase+FailableInsertFeedStoreSpecs.swift"; sourceTree = "<group>"; };
		2F2D797E28F0086D00826476 /* XCTestCase+FailableDeleteFeedStoreSpecs.swift */ = {isa = PBXFileReference; lastKnownFileType = sourcecode.swift; path = "XCTestCase+FailableDeleteFeedStoreSpecs.swift"; sourceTree = "<group>"; };
		2F2DB6F52916BBD300A1F566 /* FeedCache.swift */ = {isa = PBXFileReference; lastKnownFileType = sourcecode.swift; path = FeedCache.swift; sourceTree = "<group>"; };
		2F30D51B290ADA36003E5DFF /* LoadFeedImageDataFromRemoteUseCaseTests.swift */ = {isa = PBXFileReference; lastKnownFileType = sourcecode.swift; path = LoadFeedImageDataFromRemoteUseCaseTests.swift; sourceTree = "<group>"; };
		2F30D51D290AFFF3003E5DFF /* RemoteFeedImageDataLoader.swift */ = {isa = PBXFileReference; lastKnownFileType = sourcecode.swift; path = RemoteFeedImageDataLoader.swift; sourceTree = "<group>"; };
		2F30D520290B097A003E5DFF /* HTTPURLResponse+StatusCode.swift */ = {isa = PBXFileReference; lastKnownFileType = sourcecode.swift; path = "HTTPURLResponse+StatusCode.swift"; sourceTree = "<group>"; };
		2F31D64A28F5B5AE00929F2B /* FeedImageDataLoader.swift */ = {isa = PBXFileReference; lastKnownFileType = sourcecode.swift; path = FeedImageDataLoader.swift; sourceTree = "<group>"; };
		2F31D64C28F5B5C200929F2B /* FeedImageDataLoaderTask.swift */ = {isa = PBXFileReference; lastKnownFileType = sourcecode.swift; path = FeedImageDataLoaderTask.swift; sourceTree = "<group>"; };
		2F31D65028F5C0EA00929F2B /* FeedImageCellController.swift */ = {isa = PBXFileReference; lastKnownFileType = sourcecode.swift; path = FeedImageCellController.swift; sourceTree = "<group>"; };
		2F31D65828F5EEE600929F2B /* FeedImageViewModel.swift */ = {isa = PBXFileReference; lastKnownFileType = sourcecode.swift; path = FeedImageViewModel.swift; sourceTree = "<group>"; };
		2F3769A1290D7B8D006C57BC /* CoreDataFeedImageDataStoreTests.swift */ = {isa = PBXFileReference; lastKnownFileType = sourcecode.swift; path = CoreDataFeedImageDataStoreTests.swift; sourceTree = "<group>"; };
		2F3769A6290D8A0F006C57BC /* CoreDataFeedStore+FeedImageDataLoader.swift */ = {isa = PBXFileReference; lastKnownFileType = sourcecode.swift; path = "CoreDataFeedStore+FeedImageDataLoader.swift"; sourceTree = "<group>"; };
		2F3931F728F1A490005A651E /* EssentialFeediOS.framework */ = {isa = PBXFileReference; explicitFileType = wrapper.framework; includeInIndex = 0; path = EssentialFeediOS.framework; sourceTree = BUILT_PRODUCTS_DIR; };
		2F3931FE28F1A491005A651E /* EssentialFeediOSTests.xctest */ = {isa = PBXFileReference; explicitFileType = wrapper.cfbundle; includeInIndex = 0; path = EssentialFeediOSTests.xctest; sourceTree = BUILT_PRODUCTS_DIR; };
		2F39321628F2E454005A651E /* FeedViewController.swift */ = {isa = PBXFileReference; lastKnownFileType = sourcecode.swift; path = FeedViewController.swift; sourceTree = "<group>"; };
		2F3AA4662909900A00B02FDA /* ErrorView.swift */ = {isa = PBXFileReference; lastKnownFileType = sourcecode.swift; path = ErrorView.swift; sourceTree = "<group>"; };
		2F3AA46E2909959F00B02FDA /* UIRefreshControler+Helpers.swift */ = {isa = PBXFileReference; lastKnownFileType = sourcecode.swift; path = "UIRefreshControler+Helpers.swift"; sourceTree = "<group>"; };
		2F3AA472290996DF00B02FDA /* FeedPresenterTests.swift */ = {isa = PBXFileReference; lastKnownFileType = sourcecode.swift; path = FeedPresenterTests.swift; sourceTree = "<group>"; };
		2F3AA4752909A55900B02FDA /* LocalizedStringHelpers.swift */ = {isa = PBXFileReference; lastKnownFileType = sourcecode.swift; path = LocalizedStringHelpers.swift; sourceTree = "<group>"; };
		2F3AA4792909A87600B02FDA /* FeedLocalizationTests.swift */ = {isa = PBXFileReference; lastKnownFileType = sourcecode.swift; path = FeedLocalizationTests.swift; sourceTree = "<group>"; };
		2F3AA47C2909A8E000B02FDA /* en */ = {isa = PBXFileReference; lastKnownFileType = text.plist.strings; name = en; path = en.lproj/Feed.strings; sourceTree = "<group>"; };
		2F3AA47E2909A8E400B02FDA /* vi */ = {isa = PBXFileReference; lastKnownFileType = text.plist.strings; name = vi; path = vi.lproj/Feed.strings; sourceTree = "<group>"; };
		2F3AA4812909AD3300B02FDA /* FeedPresenter.swift */ = {isa = PBXFileReference; lastKnownFileType = sourcecode.swift; path = FeedPresenter.swift; sourceTree = "<group>"; };
		2F3AA4842909AEC700B02FDA /* FeedViewModel.swift */ = {isa = PBXFileReference; lastKnownFileType = sourcecode.swift; path = FeedViewModel.swift; sourceTree = "<group>"; };
		2F3AA4862909AF0500B02FDA /* FeedLoadingViewModel.swift */ = {isa = PBXFileReference; lastKnownFileType = sourcecode.swift; path = FeedLoadingViewModel.swift; sourceTree = "<group>"; };
		2F3AA4882909AF2600B02FDA /* FeedErrorViewModel.swift */ = {isa = PBXFileReference; lastKnownFileType = sourcecode.swift; path = FeedErrorViewModel.swift; sourceTree = "<group>"; };
		2F3F07722905CC73009BEEB9 /* UITableView+Dequeueing.swift */ = {isa = PBXFileReference; lastKnownFileType = sourcecode.swift; path = "UITableView+Dequeueing.swift"; sourceTree = "<group>"; };
		2F3F07742905D1D5009BEEB9 /* UIImageView+Animations.swift */ = {isa = PBXFileReference; lastKnownFileType = sourcecode.swift; path = "UIImageView+Animations.swift"; sourceTree = "<group>"; };
		2F43DAEB28E354EA00578E22 /* EssentialFeed.framework */ = {isa = PBXFileReference; explicitFileType = wrapper.framework; includeInIndex = 0; path = EssentialFeed.framework; sourceTree = BUILT_PRODUCTS_DIR; };
		2F43DAEE28E354EA00578E22 /* EssentialFeed.h */ = {isa = PBXFileReference; lastKnownFileType = sourcecode.c.h; path = EssentialFeed.h; sourceTree = "<group>"; };
		2F43DAEF28E354EA00578E22 /* EssentialFeed.docc */ = {isa = PBXFileReference; lastKnownFileType = folder.documentationcatalog; path = EssentialFeed.docc; sourceTree = "<group>"; };
		2F43DAF528E354EB00578E22 /* EssentialFeedTests.xctest */ = {isa = PBXFileReference; explicitFileType = wrapper.cfbundle; includeInIndex = 0; path = EssentialFeedTests.xctest; sourceTree = BUILT_PRODUCTS_DIR; };
		2F43DB0628E356E400578E22 /* FeedImage.swift */ = {isa = PBXFileReference; lastKnownFileType = sourcecode.swift; path = FeedImage.swift; sourceTree = "<group>"; };
		2F43DB0828E3578B00578E22 /* FeedLoader.swift */ = {isa = PBXFileReference; lastKnownFileType = sourcecode.swift; path = FeedLoader.swift; sourceTree = "<group>"; };
		2F43DB0A28E357EF00578E22 /* LoadFeedFromRemoteUseCaseTests.swift */ = {isa = PBXFileReference; lastKnownFileType = sourcecode.swift; path = LoadFeedFromRemoteUseCaseTests.swift; sourceTree = "<group>"; };
		2F43DB0D28E362DE00578E22 /* RemoteFeedLoader.swift */ = {isa = PBXFileReference; lastKnownFileType = sourcecode.swift; path = RemoteFeedLoader.swift; sourceTree = "<group>"; };
		2F4792E9290D13B30012D085 /* LoadFeedImageDataFromCacheUseCaseTests.swift */ = {isa = PBXFileReference; lastKnownFileType = sourcecode.swift; path = LoadFeedImageDataFromCacheUseCaseTests.swift; sourceTree = "<group>"; };
		2F4792EB290D22A50012D085 /* FeedImageDataStore.swift */ = {isa = PBXFileReference; lastKnownFileType = sourcecode.swift; path = FeedImageDataStore.swift; sourceTree = "<group>"; };
		2F4792ED290D22C10012D085 /* LocalFeedImageDataLoader.swift */ = {isa = PBXFileReference; lastKnownFileType = sourcecode.swift; path = LocalFeedImageDataLoader.swift; sourceTree = "<group>"; };
		2F4792EF290D3B410012D085 /* FeedImageStoreSpy.swift */ = {isa = PBXFileReference; lastKnownFileType = sourcecode.swift; path = FeedImageStoreSpy.swift; sourceTree = "<group>"; };
		2F4792F1290D3CBB0012D085 /* CacheFeedImageDataUseCaseTests.swift */ = {isa = PBXFileReference; lastKnownFileType = sourcecode.swift; path = CacheFeedImageDataUseCaseTests.swift; sourceTree = "<group>"; };
		2F4A393C2924FAA000849B49 /* FeedSnapshotTests.swift */ = {isa = PBXFileReference; lastKnownFileType = sourcecode.swift; path = FeedSnapshotTests.swift; sourceTree = "<group>"; };
		2F4A393F292502AD00849B49 /* UIImage+Color.swift */ = {isa = PBXFileReference; fileEncoding = 4; lastKnownFileType = sourcecode.swift; path = "UIImage+Color.swift"; sourceTree = "<group>"; };
		2F4A39422926926700849B49 /* FEED_WITH_ERROR_dark.png */ = {isa = PBXFileReference; lastKnownFileType = image.png; path = FEED_WITH_ERROR_dark.png; sourceTree = "<group>"; };
		2F4A39432926926700849B49 /* FEED_WITH_FAILED_IMAGE_LOADING_dark.png */ = {isa = PBXFileReference; lastKnownFileType = image.png; path = FEED_WITH_FAILED_IMAGE_LOADING_dark.png; sourceTree = "<group>"; };
		2F4A39442926926700849B49 /* FEED_WITH_CONTENT_dark.png */ = {isa = PBXFileReference; lastKnownFileType = image.png; path = FEED_WITH_CONTENT_dark.png; sourceTree = "<group>"; };
		2F4A39452926926700849B49 /* FEED_WITH_ERROR_light.png */ = {isa = PBXFileReference; lastKnownFileType = image.png; path = FEED_WITH_ERROR_light.png; sourceTree = "<group>"; };
		2F4A39462926926700849B49 /* EMPTY_FEED_light.png */ = {isa = PBXFileReference; lastKnownFileType = image.png; path = EMPTY_FEED_light.png; sourceTree = "<group>"; };
		2F4A39472926926700849B49 /* FEED_WITH_CONTENT_light.png */ = {isa = PBXFileReference; lastKnownFileType = image.png; path = FEED_WITH_CONTENT_light.png; sourceTree = "<group>"; };
		2F4A39482926926700849B49 /* FEED_WITH_FAILED_IMAGE_LOADING_light.png */ = {isa = PBXFileReference; lastKnownFileType = image.png; path = FEED_WITH_FAILED_IMAGE_LOADING_light.png; sourceTree = "<group>"; };
		2F4A39492926926700849B49 /* EMPTY_FEED_dark.png */ = {isa = PBXFileReference; lastKnownFileType = image.png; path = EMPTY_FEED_dark.png; sourceTree = "<group>"; };
		2F4A39582929035D00849B49 /* LoadImageCommentsFromRemoteUseCaseTests.swift */ = {isa = PBXFileReference; lastKnownFileType = sourcecode.swift; path = LoadImageCommentsFromRemoteUseCaseTests.swift; sourceTree = "<group>"; };
		2F4A395B292903BD00849B49 /* RemoteImageCommentsLoader.swift */ = {isa = PBXFileReference; lastKnownFileType = sourcecode.swift; path = RemoteImageCommentsLoader.swift; sourceTree = "<group>"; };
		2F4A395D2929046A00849B49 /* RemoteImageCommentsMapper.swift */ = {isa = PBXFileReference; lastKnownFileType = sourcecode.swift; path = RemoteImageCommentsMapper.swift; sourceTree = "<group>"; };
		2F4A39602929086000849B49 /* ImageComment.swift */ = {isa = PBXFileReference; lastKnownFileType = sourcecode.swift; path = ImageComment.swift; sourceTree = "<group>"; };
		2F4A396A29291F0A00849B49 /* URLProtocolStub.swift */ = {isa = PBXFileReference; lastKnownFileType = sourcecode.swift; path = URLProtocolStub.swift; sourceTree = "<group>"; };
		2F4A396E29291F8600849B49 /* HTTPClientSpy.swift */ = {isa = PBXFileReference; lastKnownFileType = sourcecode.swift; path = HTTPClientSpy.swift; sourceTree = "<group>"; };
		2F4A397029292B6E00849B49 /* RemoteLoaderTests.swift */ = {isa = PBXFileReference; lastKnownFileType = sourcecode.swift; path = RemoteLoaderTests.swift; sourceTree = "<group>"; };
		2F4A397229292BC300849B49 /* RemoteLoader.swift */ = {isa = PBXFileReference; lastKnownFileType = sourcecode.swift; path = RemoteLoader.swift; sourceTree = "<group>"; };
		2F65C60F290D90F500BE77B6 /* FeedStore2.xcdatamodel */ = {isa = PBXFileReference; lastKnownFileType = wrapper.xcdatamodel; path = FeedStore2.xcdatamodel; sourceTree = "<group>"; };
		2F65C610290D952000BE77B6 /* CoreDataFeedStore+FeedStore.swift */ = {isa = PBXFileReference; lastKnownFileType = sourcecode.swift; path = "CoreDataFeedStore+FeedStore.swift"; sourceTree = "<group>"; };
		2F76FFB12916D0720036F668 /* FeedImageDataCache.swift */ = {isa = PBXFileReference; lastKnownFileType = sourcecode.swift; path = FeedImageDataCache.swift; sourceTree = "<group>"; };
		2FC508B628F45F8100F99754 /* FeedImageCell.swift */ = {isa = PBXFileReference; lastKnownFileType = sourcecode.swift; path = FeedImageCell.swift; sourceTree = "<group>"; };
		2FC508B828F4790500F99754 /* UIView+Shimmering.swift */ = {isa = PBXFileReference; lastKnownFileType = sourcecode.swift; path = "UIView+Shimmering.swift"; sourceTree = "<group>"; };
		2FE3A32129055C3600F33BE1 /* Feed.storyboard */ = {isa = PBXFileReference; lastKnownFileType = file.storyboard; path = Feed.storyboard; sourceTree = "<group>"; };
		2FE3A3232905776A00F33BE1 /* FeedImagePresenter.swift */ = {isa = PBXFileReference; lastKnownFileType = sourcecode.swift; path = FeedImagePresenter.swift; sourceTree = "<group>"; };
		2FFAAFBC28F070840015A774 /* CoreDataFeedStoreTests.swift */ = {isa = PBXFileReference; lastKnownFileType = sourcecode.swift; path = CoreDataFeedStoreTests.swift; sourceTree = "<group>"; };
		2FFAAFBE28F071190015A774 /* CoreDataFeedStore.swift */ = {isa = PBXFileReference; lastKnownFileType = sourcecode.swift; path = CoreDataFeedStore.swift; sourceTree = "<group>"; };
		2FFAAFC728F08AFA0015A774 /* CoreDataHelpers.swift */ = {isa = PBXFileReference; lastKnownFileType = sourcecode.swift; path = CoreDataHelpers.swift; sourceTree = "<group>"; };
		2FFAAFC928F08B660015A774 /* ManagedCache.swift */ = {isa = PBXFileReference; lastKnownFileType = sourcecode.swift; path = ManagedCache.swift; sourceTree = "<group>"; };
		2FFAAFCB28F08B730015A774 /* ManagedFeedImage.swift */ = {isa = PBXFileReference; lastKnownFileType = sourcecode.swift; path = ManagedFeedImage.swift; sourceTree = "<group>"; };
		2FFAAFD528F0941E0015A774 /* EssentialFeedCacheIntegrationTests.xctest */ = {isa = PBXFileReference; explicitFileType = wrapper.cfbundle; includeInIndex = 0; path = EssentialFeedCacheIntegrationTests.xctest; sourceTree = BUILT_PRODUCTS_DIR; };
		2FFAAFD728F0941E0015A774 /* EssentialFeedCacheIntegrationTests.swift */ = {isa = PBXFileReference; lastKnownFileType = sourcecode.swift; path = EssentialFeedCacheIntegrationTests.swift; sourceTree = "<group>"; };
/* End PBXFileReference section */

/* Begin PBXFrameworksBuildPhase section */
		2F29A8ED28E76679001D9E5A /* Frameworks */ = {
			isa = PBXFrameworksBuildPhase;
			buildActionMask = 2147483647;
			files = (
				2F29A8F428E76679001D9E5A /* EssentialFeed.framework in Frameworks */,
			);
			runOnlyForDeploymentPostprocessing = 0;
		};
		2F3931F428F1A490005A651E /* Frameworks */ = {
			isa = PBXFrameworksBuildPhase;
			buildActionMask = 2147483647;
			files = (
				2F39321828F32DD0005A651E /* EssentialFeed.framework in Frameworks */,
			);
			runOnlyForDeploymentPostprocessing = 0;
		};
		2F3931FB28F1A491005A651E /* Frameworks */ = {
			isa = PBXFrameworksBuildPhase;
			buildActionMask = 2147483647;
			files = (
				2F3931FF28F1A491005A651E /* EssentialFeediOS.framework in Frameworks */,
			);
			runOnlyForDeploymentPostprocessing = 0;
		};
		2F43DAE828E354EA00578E22 /* Frameworks */ = {
			isa = PBXFrameworksBuildPhase;
			buildActionMask = 2147483647;
			files = (
			);
			runOnlyForDeploymentPostprocessing = 0;
		};
		2F43DAF228E354EB00578E22 /* Frameworks */ = {
			isa = PBXFrameworksBuildPhase;
			buildActionMask = 2147483647;
			files = (
				2F43DAF628E354EB00578E22 /* EssentialFeed.framework in Frameworks */,
			);
			runOnlyForDeploymentPostprocessing = 0;
		};
		2FFAAFD228F0941E0015A774 /* Frameworks */ = {
			isa = PBXFrameworksBuildPhase;
			buildActionMask = 2147483647;
			files = (
				2FFAAFD928F0941E0015A774 /* EssentialFeed.framework in Frameworks */,
			);
			runOnlyForDeploymentPostprocessing = 0;
		};
/* End PBXFrameworksBuildPhase section */

/* Begin PBXGroup section */
		2F1ECA8F28EC4D4500084C5C /* Helpers */ = {
			isa = PBXGroup;
			children = (
				2F1ECA9028EC4D5D00084C5C /* FeedStoreSpy.swift */,
				2F29959828ED796900FE13D4 /* FeedCacheTestsHelpers.swift */,
				2F4792EF290D3B410012D085 /* FeedImageStoreSpy.swift */,
			);
			path = Helpers;
			sourceTree = "<group>";
		};
		2F2705F328EB029600C4571E /* Feed Cache */ = {
			isa = PBXGroup;
			children = (
				2FFAAFC328F08A2D0015A774 /* Infrastructure */,
				2F2705F728EB33B400C4571E /* LocalFeedLoader.swift */,
				2F2705F928EB33E500C4571E /* FeedStore.swift */,
				2F2705FB28EB3DBE00C4571E /* LocalFeedImage.swift */,
				2F29959C28EDE6A200FE13D4 /* FeedCachePolicy.swift */,
				2F4792EB290D22A50012D085 /* FeedImageDataStore.swift */,
				2F4792ED290D22C10012D085 /* LocalFeedImageDataLoader.swift */,
			);
			path = "Feed Cache";
			sourceTree = "<group>";
		};
		2F2705F428EB02A200C4571E /* Feed Cache */ = {
			isa = PBXGroup;
			children = (
				2F2D798128F0099C00826476 /* FeedStoreSpecs */,
				2F1ECA8F28EC4D4500084C5C /* Helpers */,
				2F2705F528EB02BA00C4571E /* CachedFeedUseCaseTests.swift */,
				2F1ECA8D28EC4C5400084C5C /* LoadCachedFeedUseCaseTests.swift */,
				2F29959628ED738100FE13D4 /* ValidateFeedCachedUseCaseTests.swift */,
				2FFAAFBC28F070840015A774 /* CoreDataFeedStoreTests.swift */,
				2F4792E9290D13B30012D085 /* LoadFeedImageDataFromCacheUseCaseTests.swift */,
				2F4792F1290D3CBB0012D085 /* CacheFeedImageDataUseCaseTests.swift */,
				2F3769A1290D7B8D006C57BC /* CoreDataFeedImageDataStoreTests.swift */,
			);
			path = "Feed Cache";
			sourceTree = "<group>";
		};
		2F2914DC28E6180A0004FCC2 /* Feed API */ = {
			isa = PBXGroup;
			children = (
				2F43DB0A28E357EF00578E22 /* LoadFeedFromRemoteUseCaseTests.swift */,
				2F30D51B290ADA36003E5DFF /* LoadFeedImageDataFromRemoteUseCaseTests.swift */,
			);
			path = "Feed API";
			sourceTree = "<group>";
		};
		2F29A8E728E75080001D9E5A /* Helpers */ = {
			isa = PBXGroup;
			children = (
				2F29A8E828E75094001D9E5A /* XCTestCase+TrackingMemoryLeak.swift */,
				2F29959A28ED79DE00FE13D4 /* SharedTestsHelpers.swift */,
			);
			path = Helpers;
			sourceTree = "<group>";
		};
		2F29A8F128E76679001D9E5A /* EssentialFeedAPIEndToEndTests */ = {
			isa = PBXGroup;
			children = (
				2F29A8F228E76679001D9E5A /* EssentialFeedAPIEndToEndTests.swift */,
			);
			path = EssentialFeedAPIEndToEndTests;
			sourceTree = "<group>";
		};
		2F2D798128F0099C00826476 /* FeedStoreSpecs */ = {
			isa = PBXGroup;
			children = (
				2F2D797628EFFDC200826476 /* FeedStoreSpecs.swift */,
				2F2D797828EFFE2300826476 /* XCTestCases+FeedStoreSpecs.swift */,
				2F2D797A28F0058700826476 /* XCTestCase+FailableRetrieveFeedStoreSpecs.swift */,
				2F2D797C28F0075100826476 /* XCTestCase+FailableInsertFeedStoreSpecs.swift */,
				2F2D797E28F0086D00826476 /* XCTestCase+FailableDeleteFeedStoreSpecs.swift */,
			);
			path = FeedStoreSpecs;
			sourceTree = "<group>";
		};
		2F30D51F290B0961003E5DFF /* Helpers */ = {
			isa = PBXGroup;
			children = (
				2F30D520290B097A003E5DFF /* HTTPURLResponse+StatusCode.swift */,
			);
			path = Helpers;
			sourceTree = "<group>";
		};
		2F31D64728F5B57D00929F2B /* Controllers */ = {
			isa = PBXGroup;
			children = (
				2F39321628F2E454005A651E /* FeedViewController.swift */,
				2F31D65028F5C0EA00929F2B /* FeedImageCellController.swift */,
			);
			path = Controllers;
			sourceTree = "<group>";
		};
		2F31D64828F5B58500929F2B /* Views */ = {
			isa = PBXGroup;
			children = (
				2F3F07712905CC5F009BEEB9 /* Helpers */,
				2FC508B628F45F8100F99754 /* FeedImageCell.swift */,
				2F3AA4662909900A00B02FDA /* ErrorView.swift */,
				2FE3A32129055C3600F33BE1 /* Feed.storyboard */,
			);
			path = Views;
			sourceTree = "<group>";
		};
		2F31D65528F5E37600929F2B /* Presentation */ = {
			isa = PBXGroup;
			children = (
				2F31D65828F5EEE600929F2B /* FeedImageViewModel.swift */,
				2FE3A3232905776A00F33BE1 /* FeedImagePresenter.swift */,
			);
			path = Presentation;
			sourceTree = "<group>";
		};
		2F3931F828F1A491005A651E /* EssentialFeediOS */ = {
			isa = PBXGroup;
			children = (
				2F31D65528F5E37600929F2B /* Presentation */,
				2F31D64828F5B58500929F2B /* Views */,
				2F31D64728F5B57D00929F2B /* Controllers */,
			);
			path = EssentialFeediOS;
			sourceTree = "<group>";
		};
		2F39320228F1A491005A651E /* EssentialFeediOSTests */ = {
			isa = PBXGroup;
			children = (
				2F4A39412926926700849B49 /* snapshots */,
				2F4A393E2925029D00849B49 /* Helpers */,
				2F4A393C2924FAA000849B49 /* FeedSnapshotTests.swift */,
			);
			path = EssentialFeediOSTests;
			sourceTree = "<group>";
		};
		2F39320E28F2A682005A651E /* Frameworks */ = {
			isa = PBXGroup;
			children = (
			);
			name = Frameworks;
			sourceTree = "<group>";
		};
		2F3AA470290996A300B02FDA /* Feed Presentation */ = {
			isa = PBXGroup;
			children = (
				2F3AA4812909AD3300B02FDA /* FeedPresenter.swift */,
				2F3AA4842909AEC700B02FDA /* FeedViewModel.swift */,
				2F3AA4862909AF0500B02FDA /* FeedLoadingViewModel.swift */,
				2F3AA4882909AF2600B02FDA /* FeedErrorViewModel.swift */,
				2F3AA47D2909A8E000B02FDA /* Feed.strings */,
			);
			path = "Feed Presentation";
			sourceTree = "<group>";
		};
		2F3AA471290996C000B02FDA /* Feed Presentation */ = {
			isa = PBXGroup;
			children = (
				2F3AA4742909A53F00B02FDA /* Helpers */,
				2F3AA472290996DF00B02FDA /* FeedPresenterTests.swift */,
				2F3AA4792909A87600B02FDA /* FeedLocalizationTests.swift */,
			);
			path = "Feed Presentation";
			sourceTree = "<group>";
		};
		2F3AA4742909A53F00B02FDA /* Helpers */ = {
			isa = PBXGroup;
			children = (
				2F3AA4752909A55900B02FDA /* LocalizedStringHelpers.swift */,
			);
			path = Helpers;
			sourceTree = "<group>";
		};
		2F3F07712905CC5F009BEEB9 /* Helpers */ = {
			isa = PBXGroup;
			children = (
				2F3F07722905CC73009BEEB9 /* UITableView+Dequeueing.swift */,
				2F3F07742905D1D5009BEEB9 /* UIImageView+Animations.swift */,
				2FC508B828F4790500F99754 /* UIView+Shimmering.swift */,
				2F3AA46E2909959F00B02FDA /* UIRefreshControler+Helpers.swift */,
			);
			path = Helpers;
			sourceTree = "<group>";
		};
		2F43DAE128E354EA00578E22 = {
			isa = PBXGroup;
			children = (
				2F43DAED28E354EA00578E22 /* EssentialFeed */,
				2F43DAF928E354EB00578E22 /* EssentialFeedTests */,
				2F29A8F128E76679001D9E5A /* EssentialFeedAPIEndToEndTests */,
				2FFAAFD628F0941E0015A774 /* EssentialFeedCacheIntegrationTests */,
				2F3931F828F1A491005A651E /* EssentialFeediOS */,
				2F39320228F1A491005A651E /* EssentialFeediOSTests */,
				2F43DAEC28E354EA00578E22 /* Products */,
				2F39320E28F2A682005A651E /* Frameworks */,
			);
			sourceTree = "<group>";
		};
		2F43DAEC28E354EA00578E22 /* Products */ = {
			isa = PBXGroup;
			children = (
				2F43DAEB28E354EA00578E22 /* EssentialFeed.framework */,
				2F43DAF528E354EB00578E22 /* EssentialFeedTests.xctest */,
				2F29A8F028E76679001D9E5A /* EssentialFeedAPIEndToEndTests.xctest */,
				2FFAAFD528F0941E0015A774 /* EssentialFeedCacheIntegrationTests.xctest */,
				2F3931F728F1A490005A651E /* EssentialFeediOS.framework */,
				2F3931FE28F1A491005A651E /* EssentialFeediOSTests.xctest */,
			);
			name = Products;
			sourceTree = "<group>";
		};
		2F43DAED28E354EA00578E22 /* EssentialFeed */ = {
			isa = PBXGroup;
			children = (
				2F4A396229291D1400849B49 /* Shared */,
				2F4A395F2929085200849B49 /* Image Comments Feature */,
				2F4A395A292903AC00849B49 /* Image Comments API */,
				2F2705F328EB029600C4571E /* Feed Cache */,
				2F43DB0C28E362CE00578E22 /* Feed API */,
				2F43DB0528E356D900578E22 /* Feed Feature */,
				2F3AA470290996A300B02FDA /* Feed Presentation */,
				2F43DAEE28E354EA00578E22 /* EssentialFeed.h */,
				2F43DAEF28E354EA00578E22 /* EssentialFeed.docc */,
			);
			path = EssentialFeed;
			sourceTree = "<group>";
		};
		2F43DAF928E354EB00578E22 /* EssentialFeedTests */ = {
			isa = PBXGroup;
			children = (
				2F4A396529291E8400849B49 /* Shared */,
				2F4A39572929033700849B49 /* Image Comments API */,
				2F29A8E728E75080001D9E5A /* Helpers */,
				2F2705F428EB02A200C4571E /* Feed Cache */,
				2F2914DC28E6180A0004FCC2 /* Feed API */,
				2F3AA471290996C000B02FDA /* Feed Presentation */,
			);
			path = EssentialFeedTests;
			sourceTree = "<group>";
		};
		2F43DB0528E356D900578E22 /* Feed Feature */ = {
			isa = PBXGroup;
			children = (
				2F43DB0628E356E400578E22 /* FeedImage.swift */,
				2F43DB0828E3578B00578E22 /* FeedLoader.swift */,
				2F31D64A28F5B5AE00929F2B /* FeedImageDataLoader.swift */,
				2F31D64C28F5B5C200929F2B /* FeedImageDataLoaderTask.swift */,
				2F2DB6F52916BBD300A1F566 /* FeedCache.swift */,
				2F76FFB12916D0720036F668 /* FeedImageDataCache.swift */,
			);
			path = "Feed Feature";
			sourceTree = "<group>";
		};
		2F43DB0C28E362CE00578E22 /* Feed API */ = {
			isa = PBXGroup;
			children = (
				2F30D51F290B0961003E5DFF /* Helpers */,
				2F43DB0D28E362DE00578E22 /* RemoteFeedLoader.swift */,
				2F2914DA28E6101D0004FCC2 /* FeedImagesMapper.swift */,
				2F30D51D290AFFF3003E5DFF /* RemoteFeedImageDataLoader.swift */,
			);
			path = "Feed API";
			sourceTree = "<group>";
		};
		2F4A393E2925029D00849B49 /* Helpers */ = {
			isa = PBXGroup;
			children = (
				2F4A393F292502AD00849B49 /* UIImage+Color.swift */,
			);
			path = Helpers;
			sourceTree = "<group>";
		};
		2F4A39412926926700849B49 /* snapshots */ = {
			isa = PBXGroup;
			children = (
				2F4A39422926926700849B49 /* FEED_WITH_ERROR_dark.png */,
				2F4A39432926926700849B49 /* FEED_WITH_FAILED_IMAGE_LOADING_dark.png */,
				2F4A39442926926700849B49 /* FEED_WITH_CONTENT_dark.png */,
				2F4A39452926926700849B49 /* FEED_WITH_ERROR_light.png */,
				2F4A39462926926700849B49 /* EMPTY_FEED_light.png */,
				2F4A39472926926700849B49 /* FEED_WITH_CONTENT_light.png */,
				2F4A39482926926700849B49 /* FEED_WITH_FAILED_IMAGE_LOADING_light.png */,
				2F4A39492926926700849B49 /* EMPTY_FEED_dark.png */,
			);
			path = snapshots;
			sourceTree = "<group>";
		};
		2F4A39572929033700849B49 /* Image Comments API */ = {
			isa = PBXGroup;
			children = (
				2F4A39582929035D00849B49 /* LoadImageCommentsFromRemoteUseCaseTests.swift */,
			);
			path = "Image Comments API";
			sourceTree = "<group>";
		};
		2F4A395A292903AC00849B49 /* Image Comments API */ = {
			isa = PBXGroup;
			children = (
				2F4A395B292903BD00849B49 /* RemoteImageCommentsLoader.swift */,
				2F4A395D2929046A00849B49 /* RemoteImageCommentsMapper.swift */,
			);
			path = "Image Comments API";
			sourceTree = "<group>";
		};
		2F4A395F2929085200849B49 /* Image Comments Feature */ = {
			isa = PBXGroup;
			children = (
				2F4A39602929086000849B49 /* ImageComment.swift */,
			);
			path = "Image Comments Feature";
			sourceTree = "<group>";
		};
		2F4A396229291D1400849B49 /* Shared */ = {
			isa = PBXGroup;
			children = (
				2F4A396429291E1F00849B49 /* API Infra */,
				2F4A396329291D2800849B49 /* API */,
			);
			path = Shared;
			sourceTree = "<group>";
		};
		2F4A396329291D2800849B49 /* API */ = {
			isa = PBXGroup;
			children = (
				2F2914D828E60FFA0004FCC2 /* HTTPClient.swift */,
				2F4A397229292BC300849B49 /* RemoteLoader.swift */,
			);
			path = API;
			sourceTree = "<group>";
		};
		2F4A396429291E1F00849B49 /* API Infra */ = {
			isa = PBXGroup;
			children = (
				2F29A8EA28E7631C001D9E5A /* URLSessionHTTPClient.swift */,
			);
			path = "API Infra";
			sourceTree = "<group>";
		};
		2F4A396529291E8400849B49 /* Shared */ = {
			isa = PBXGroup;
			children = (
				2F4A396C29291F4400849B49 /* API */,
				2F4A396729291E8C00849B49 /* API Infra */,
			);
			path = Shared;
			sourceTree = "<group>";
		};
		2F4A396729291E8C00849B49 /* API Infra */ = {
			isa = PBXGroup;
			children = (
				2F4A396929291EFE00849B49 /* Helpers */,
				2F29A8E528E6F226001D9E5A /* URLSessionHTTPClientTests.swift */,
			);
			path = "API Infra";
			sourceTree = "<group>";
		};
		2F4A396929291EFE00849B49 /* Helpers */ = {
			isa = PBXGroup;
			children = (
				2F4A396A29291F0A00849B49 /* URLProtocolStub.swift */,
			);
			path = Helpers;
			sourceTree = "<group>";
		};
		2F4A396C29291F4400849B49 /* API */ = {
			isa = PBXGroup;
			children = (
				2F4A396D29291F4700849B49 /* Helpers */,
				2F4A397029292B6E00849B49 /* RemoteLoaderTests.swift */,
			);
			path = API;
			sourceTree = "<group>";
		};
		2F4A396D29291F4700849B49 /* Helpers */ = {
			isa = PBXGroup;
			children = (
				2F4A396E29291F8600849B49 /* HTTPClientSpy.swift */,
			);
			path = Helpers;
			sourceTree = "<group>";
		};
		2FFAAFC328F08A2D0015A774 /* Infrastructure */ = {
			isa = PBXGroup;
			children = (
				2FFAAFC428F08A530015A774 /* CoreData */,
			);
			path = Infrastructure;
			sourceTree = "<group>";
		};
		2FFAAFC428F08A530015A774 /* CoreData */ = {
			isa = PBXGroup;
			children = (
				2F23505F290D8EE4004C5BB7 /* FeedStore.xcdatamodeld */,
				2FFAAFBE28F071190015A774 /* CoreDataFeedStore.swift */,
				2FFAAFC728F08AFA0015A774 /* CoreDataHelpers.swift */,
				2FFAAFC928F08B660015A774 /* ManagedCache.swift */,
				2FFAAFCB28F08B730015A774 /* ManagedFeedImage.swift */,
				2F3769A6290D8A0F006C57BC /* CoreDataFeedStore+FeedImageDataLoader.swift */,
				2F65C610290D952000BE77B6 /* CoreDataFeedStore+FeedStore.swift */,
			);
			path = CoreData;
			sourceTree = "<group>";
		};
		2FFAAFD628F0941E0015A774 /* EssentialFeedCacheIntegrationTests */ = {
			isa = PBXGroup;
			children = (
				2FFAAFD728F0941E0015A774 /* EssentialFeedCacheIntegrationTests.swift */,
			);
			path = EssentialFeedCacheIntegrationTests;
			sourceTree = "<group>";
		};
/* End PBXGroup section */

/* Begin PBXHeadersBuildPhase section */
		2F3931F228F1A490005A651E /* Headers */ = {
			isa = PBXHeadersBuildPhase;
			buildActionMask = 2147483647;
			files = (
			);
			runOnlyForDeploymentPostprocessing = 0;
		};
		2F43DAE628E354EA00578E22 /* Headers */ = {
			isa = PBXHeadersBuildPhase;
			buildActionMask = 2147483647;
			files = (
				2F43DAFC28E354EB00578E22 /* EssentialFeed.h in Headers */,
			);
			runOnlyForDeploymentPostprocessing = 0;
		};
/* End PBXHeadersBuildPhase section */

/* Begin PBXNativeTarget section */
		2F29A8EF28E76679001D9E5A /* EssentialFeedAPIEndToEndTests */ = {
			isa = PBXNativeTarget;
			buildConfigurationList = 2F29A8F728E76679001D9E5A /* Build configuration list for PBXNativeTarget "EssentialFeedAPIEndToEndTests" */;
			buildPhases = (
				2F29A8EC28E76679001D9E5A /* Sources */,
				2F29A8ED28E76679001D9E5A /* Frameworks */,
				2F29A8EE28E76679001D9E5A /* Resources */,
			);
			buildRules = (
			);
			dependencies = (
				2F29A8F628E76679001D9E5A /* PBXTargetDependency */,
			);
			name = EssentialFeedAPIEndToEndTests;
			productName = EssentialFeedAPIEndToEndTests;
			productReference = 2F29A8F028E76679001D9E5A /* EssentialFeedAPIEndToEndTests.xctest */;
			productType = "com.apple.product-type.bundle.unit-test";
		};
		2F3931F628F1A490005A651E /* EssentialFeediOS */ = {
			isa = PBXNativeTarget;
			buildConfigurationList = 2F39320628F1A491005A651E /* Build configuration list for PBXNativeTarget "EssentialFeediOS" */;
			buildPhases = (
				2F3931F228F1A490005A651E /* Headers */,
				2F3931F328F1A490005A651E /* Sources */,
				2F3931F428F1A490005A651E /* Frameworks */,
				2F3931F528F1A490005A651E /* Resources */,
				2F39321C28F32DD0005A651E /* Embed Frameworks */,
			);
			buildRules = (
			);
			dependencies = (
				2F39321B28F32DD0005A651E /* PBXTargetDependency */,
			);
			name = EssentialFeediOS;
			productName = EssentialFeediOS;
			productReference = 2F3931F728F1A490005A651E /* EssentialFeediOS.framework */;
			productType = "com.apple.product-type.framework";
		};
		2F3931FD28F1A491005A651E /* EssentialFeediOSTests */ = {
			isa = PBXNativeTarget;
			buildConfigurationList = 2F39320928F1A491005A651E /* Build configuration list for PBXNativeTarget "EssentialFeediOSTests" */;
			buildPhases = (
				2F3931FA28F1A491005A651E /* Sources */,
				2F3931FB28F1A491005A651E /* Frameworks */,
				2F3931FC28F1A491005A651E /* Resources */,
			);
			buildRules = (
			);
			dependencies = (
				2F39320128F1A491005A651E /* PBXTargetDependency */,
			);
			name = EssentialFeediOSTests;
			productName = EssentialFeediOSTests;
			productReference = 2F3931FE28F1A491005A651E /* EssentialFeediOSTests.xctest */;
			productType = "com.apple.product-type.bundle.unit-test";
		};
		2F43DAEA28E354EA00578E22 /* EssentialFeed */ = {
			isa = PBXNativeTarget;
			buildConfigurationList = 2F43DAFF28E354EB00578E22 /* Build configuration list for PBXNativeTarget "EssentialFeed" */;
			buildPhases = (
				2F43DAE628E354EA00578E22 /* Headers */,
				2F43DAE728E354EA00578E22 /* Sources */,
				2F43DAE828E354EA00578E22 /* Frameworks */,
				2F43DAE928E354EA00578E22 /* Resources */,
			);
			buildRules = (
			);
			dependencies = (
			);
			name = EssentialFeed;
			productName = EssentialFeed;
			productReference = 2F43DAEB28E354EA00578E22 /* EssentialFeed.framework */;
			productType = "com.apple.product-type.framework";
		};
		2F43DAF428E354EB00578E22 /* EssentialFeedTests */ = {
			isa = PBXNativeTarget;
			buildConfigurationList = 2F43DB0228E354EB00578E22 /* Build configuration list for PBXNativeTarget "EssentialFeedTests" */;
			buildPhases = (
				2F43DAF128E354EB00578E22 /* Sources */,
				2F43DAF228E354EB00578E22 /* Frameworks */,
				2F43DAF328E354EB00578E22 /* Resources */,
			);
			buildRules = (
			);
			dependencies = (
				2F43DAF828E354EB00578E22 /* PBXTargetDependency */,
			);
			name = EssentialFeedTests;
			productName = EssentialFeedTests;
			productReference = 2F43DAF528E354EB00578E22 /* EssentialFeedTests.xctest */;
			productType = "com.apple.product-type.bundle.unit-test";
		};
		2FFAAFD428F0941E0015A774 /* EssentialFeedCacheIntegrationTests */ = {
			isa = PBXNativeTarget;
			buildConfigurationList = 2FFAAFDC28F0941E0015A774 /* Build configuration list for PBXNativeTarget "EssentialFeedCacheIntegrationTests" */;
			buildPhases = (
				2FFAAFD128F0941E0015A774 /* Sources */,
				2FFAAFD228F0941E0015A774 /* Frameworks */,
				2FFAAFD328F0941E0015A774 /* Resources */,
			);
			buildRules = (
			);
			dependencies = (
				2FFAAFDB28F0941E0015A774 /* PBXTargetDependency */,
			);
			name = EssentialFeedCacheIntegrationTests;
			productName = EssentialFeedCacheIntegrationTests;
			productReference = 2FFAAFD528F0941E0015A774 /* EssentialFeedCacheIntegrationTests.xctest */;
			productType = "com.apple.product-type.bundle.unit-test";
		};
/* End PBXNativeTarget section */

/* Begin PBXProject section */
		2F43DAE228E354EA00578E22 /* Project object */ = {
			isa = PBXProject;
			attributes = {
				BuildIndependentTargetsInParallel = 1;
				LastSwiftUpdateCheck = 1400;
				LastUpgradeCheck = 1400;
				TargetAttributes = {
					2F29A8EF28E76679001D9E5A = {
						CreatedOnToolsVersion = 13.3.1;
					};
					2F3931F628F1A490005A651E = {
						CreatedOnToolsVersion = 14.0.1;
						LastSwiftMigration = 1400;
					};
					2F3931FD28F1A491005A651E = {
						CreatedOnToolsVersion = 14.0.1;
						LastSwiftMigration = 1400;
					};
					2F43DAEA28E354EA00578E22 = {
						CreatedOnToolsVersion = 13.3.1;
					};
					2F43DAF428E354EB00578E22 = {
						CreatedOnToolsVersion = 13.3.1;
					};
					2FFAAFD428F0941E0015A774 = {
						CreatedOnToolsVersion = 14.0.1;
					};
				};
			};
			buildConfigurationList = 2F43DAE528E354EA00578E22 /* Build configuration list for PBXProject "EssentialFeed" */;
			compatibilityVersion = "Xcode 13.0";
			developmentRegion = en;
			hasScannedForEncodings = 0;
			knownRegions = (
				en,
				Base,
				vi,
			);
			mainGroup = 2F43DAE128E354EA00578E22;
			productRefGroup = 2F43DAEC28E354EA00578E22 /* Products */;
			projectDirPath = "";
			projectRoot = "";
			targets = (
				2F43DAEA28E354EA00578E22 /* EssentialFeed */,
				2F43DAF428E354EB00578E22 /* EssentialFeedTests */,
				2F29A8EF28E76679001D9E5A /* EssentialFeedAPIEndToEndTests */,
				2FFAAFD428F0941E0015A774 /* EssentialFeedCacheIntegrationTests */,
				2F3931F628F1A490005A651E /* EssentialFeediOS */,
				2F3931FD28F1A491005A651E /* EssentialFeediOSTests */,
			);
		};
/* End PBXProject section */

/* Begin PBXResourcesBuildPhase section */
		2F29A8EE28E76679001D9E5A /* Resources */ = {
			isa = PBXResourcesBuildPhase;
			buildActionMask = 2147483647;
			files = (
			);
			runOnlyForDeploymentPostprocessing = 0;
		};
		2F3931F528F1A490005A651E /* Resources */ = {
			isa = PBXResourcesBuildPhase;
			buildActionMask = 2147483647;
			files = (
				2FE3A32229055C3600F33BE1 /* Feed.storyboard in Resources */,
			);
			runOnlyForDeploymentPostprocessing = 0;
		};
		2F3931FC28F1A491005A651E /* Resources */ = {
			isa = PBXResourcesBuildPhase;
			buildActionMask = 2147483647;
			files = (
				2F4A394E2926926700849B49 /* EMPTY_FEED_light.png in Resources */,
				2F4A39512926926700849B49 /* EMPTY_FEED_dark.png in Resources */,
				2F4A39502926926700849B49 /* FEED_WITH_FAILED_IMAGE_LOADING_light.png in Resources */,
				2F4A394A2926926700849B49 /* FEED_WITH_ERROR_dark.png in Resources */,
				2F4A394C2926926700849B49 /* FEED_WITH_CONTENT_dark.png in Resources */,
				2F4A394B2926926700849B49 /* FEED_WITH_FAILED_IMAGE_LOADING_dark.png in Resources */,
				2F4A394F2926926700849B49 /* FEED_WITH_CONTENT_light.png in Resources */,
				2F4A394D2926926700849B49 /* FEED_WITH_ERROR_light.png in Resources */,
			);
			runOnlyForDeploymentPostprocessing = 0;
		};
		2F43DAE928E354EA00578E22 /* Resources */ = {
			isa = PBXResourcesBuildPhase;
			buildActionMask = 2147483647;
			files = (
				2F3AA4832909AEA000B02FDA /* Feed.strings in Resources */,
			);
			runOnlyForDeploymentPostprocessing = 0;
		};
		2F43DAF328E354EB00578E22 /* Resources */ = {
			isa = PBXResourcesBuildPhase;
			buildActionMask = 2147483647;
			files = (
			);
			runOnlyForDeploymentPostprocessing = 0;
		};
		2FFAAFD328F0941E0015A774 /* Resources */ = {
			isa = PBXResourcesBuildPhase;
			buildActionMask = 2147483647;
			files = (
			);
			runOnlyForDeploymentPostprocessing = 0;
		};
/* End PBXResourcesBuildPhase section */

/* Begin PBXSourcesBuildPhase section */
		2F29A8EC28E76679001D9E5A /* Sources */ = {
			isa = PBXSourcesBuildPhase;
			buildActionMask = 2147483647;
			files = (
				2F29A8F328E76679001D9E5A /* EssentialFeedAPIEndToEndTests.swift in Sources */,
				2F29A8FA28E76C7B001D9E5A /* XCTestCase+TrackingMemoryLeak.swift in Sources */,
			);
			runOnlyForDeploymentPostprocessing = 0;
		};
		2F3931F328F1A490005A651E /* Sources */ = {
			isa = PBXSourcesBuildPhase;
			buildActionMask = 2147483647;
			files = (
				2FE3A3242905776A00F33BE1 /* FeedImagePresenter.swift in Sources */,
				2FC508B928F4790500F99754 /* UIView+Shimmering.swift in Sources */,
				2F3AA4672909900A00B02FDA /* ErrorView.swift in Sources */,
				2F31D65928F5EEE600929F2B /* FeedImageViewModel.swift in Sources */,
				2F31D65128F5C0EA00929F2B /* FeedImageCellController.swift in Sources */,
				2F3F07732905CC73009BEEB9 /* UITableView+Dequeueing.swift in Sources */,
				2F3F07752905D1D5009BEEB9 /* UIImageView+Animations.swift in Sources */,
				2F3AA46F2909959F00B02FDA /* UIRefreshControler+Helpers.swift in Sources */,
				2F39321728F2E454005A651E /* FeedViewController.swift in Sources */,
				2FC508B728F45F8100F99754 /* FeedImageCell.swift in Sources */,
			);
			runOnlyForDeploymentPostprocessing = 0;
		};
		2F3931FA28F1A491005A651E /* Sources */ = {
			isa = PBXSourcesBuildPhase;
			buildActionMask = 2147483647;
			files = (
				2F39321528F2DB8E005A651E /* XCTestCase+TrackingMemoryLeak.swift in Sources */,
				2F4A393D2924FAA000849B49 /* FeedSnapshotTests.swift in Sources */,
				2F4A3940292502AD00849B49 /* UIImage+Color.swift in Sources */,
			);
			runOnlyForDeploymentPostprocessing = 0;
		};
		2F43DAE728E354EA00578E22 /* Sources */ = {
			isa = PBXSourcesBuildPhase;
			buildActionMask = 2147483647;
			files = (
				2F3AA4852909AEC700B02FDA /* FeedViewModel.swift in Sources */,
				2F2705FA28EB33E500C4571E /* FeedStore.swift in Sources */,
				2F3AA4892909AF2600B02FDA /* FeedErrorViewModel.swift in Sources */,
				2F29A8EB28E7631C001D9E5A /* URLSessionHTTPClient.swift in Sources */,
				2F43DB0E28E362DE00578E22 /* RemoteFeedLoader.swift in Sources */,
				2F30D51E290AFFF3003E5DFF /* RemoteFeedImageDataLoader.swift in Sources */,
				2F4A395E2929046A00849B49 /* RemoteImageCommentsMapper.swift in Sources */,
				2F4A395C292903BD00849B49 /* RemoteImageCommentsLoader.swift in Sources */,
				2F3AA4822909AD3300B02FDA /* FeedPresenter.swift in Sources */,
				2F4A39612929086000849B49 /* ImageComment.swift in Sources */,
				2F2914D928E60FFA0004FCC2 /* HTTPClient.swift in Sources */,
				2F3AA4872909AF0500B02FDA /* FeedLoadingViewModel.swift in Sources */,
				2F2705FC28EB3DBE00C4571E /* LocalFeedImage.swift in Sources */,
				2F65C611290D952000BE77B6 /* CoreDataFeedStore+FeedStore.swift in Sources */,
				2FFAAFC828F08AFA0015A774 /* CoreDataHelpers.swift in Sources */,
				2F43DB0928E3578B00578E22 /* FeedLoader.swift in Sources */,
				2FFAAFBF28F071190015A774 /* CoreDataFeedStore.swift in Sources */,
				2FFAAFCA28F08B660015A774 /* ManagedCache.swift in Sources */,
				2F4792EC290D22A50012D085 /* FeedImageDataStore.swift in Sources */,
				2F2914DB28E6101D0004FCC2 /* FeedImagesMapper.swift in Sources */,
				2F76FFB22916D0720036F668 /* FeedImageDataCache.swift in Sources */,
				2F43DB0728E356E400578E22 /* FeedImage.swift in Sources */,
				2F30D521290B097A003E5DFF /* HTTPURLResponse+StatusCode.swift in Sources */,
				2F29959D28EDE6A200FE13D4 /* FeedCachePolicy.swift in Sources */,
				2F4A397329292BC300849B49 /* RemoteLoader.swift in Sources */,
				2F235061290D8EE4004C5BB7 /* FeedStore.xcdatamodeld in Sources */,
				2F30D51A290AD7F1003E5DFF /* FeedImageDataLoaderTask.swift in Sources */,
				2F2705F828EB33B400C4571E /* LocalFeedLoader.swift in Sources */,
				2FFAAFCC28F08B730015A774 /* ManagedFeedImage.swift in Sources */,
				2F4792EE290D22C10012D085 /* LocalFeedImageDataLoader.swift in Sources */,
				2F3769A7290D8A0F006C57BC /* CoreDataFeedStore+FeedImageDataLoader.swift in Sources */,
				2F30D519290AD7F1003E5DFF /* FeedImageDataLoader.swift in Sources */,
				2F2DB6F62916BBD300A1F566 /* FeedCache.swift in Sources */,
				2F43DAF028E354EA00578E22 /* EssentialFeed.docc in Sources */,
			);
			runOnlyForDeploymentPostprocessing = 0;
		};
		2F43DAF128E354EB00578E22 /* Sources */ = {
			isa = PBXSourcesBuildPhase;
			buildActionMask = 2147483647;
			files = (
				2F29959728ED738100FE13D4 /* ValidateFeedCachedUseCaseTests.swift in Sources */,
				2F43DB0B28E357EF00578E22 /* LoadFeedFromRemoteUseCaseTests.swift in Sources */,
				2F3AA47A2909A87600B02FDA /* FeedLocalizationTests.swift in Sources */,
				2F30D51C290ADA36003E5DFF /* LoadFeedImageDataFromRemoteUseCaseTests.swift in Sources */,
				2F3AA473290996DF00B02FDA /* FeedPresenterTests.swift in Sources */,
				2F29A8E928E75094001D9E5A /* XCTestCase+TrackingMemoryLeak.swift in Sources */,
				2F4792F2290D3CBB0012D085 /* CacheFeedImageDataUseCaseTests.swift in Sources */,
				2F2D797D28F0075100826476 /* XCTestCase+FailableInsertFeedStoreSpecs.swift in Sources */,
				2F29959B28ED79DE00FE13D4 /* SharedTestsHelpers.swift in Sources */,
				2F1ECA9128EC4D5D00084C5C /* FeedStoreSpy.swift in Sources */,
				2F2D797928EFFE2300826476 /* XCTestCases+FeedStoreSpecs.swift in Sources */,
				2F29959928ED796900FE13D4 /* FeedCacheTestsHelpers.swift in Sources */,
				2F2D797F28F0086D00826476 /* XCTestCase+FailableDeleteFeedStoreSpecs.swift in Sources */,
				2F4A396F29291F8600849B49 /* HTTPClientSpy.swift in Sources */,
				2F2D797B28F0058700826476 /* XCTestCase+FailableRetrieveFeedStoreSpecs.swift in Sources */,
				2F29A8E628E6F226001D9E5A /* URLSessionHTTPClientTests.swift in Sources */,
				2F2705F628EB02BA00C4571E /* CachedFeedUseCaseTests.swift in Sources */,
				2F3AA4762909A55900B02FDA /* LocalizedStringHelpers.swift in Sources */,
				2F4792EA290D13B30012D085 /* LoadFeedImageDataFromCacheUseCaseTests.swift in Sources */,
				2F2D797728EFFDC200826476 /* FeedStoreSpecs.swift in Sources */,
				2F4A396B29291F0A00849B49 /* URLProtocolStub.swift in Sources */,
				2F4A39592929035D00849B49 /* LoadImageCommentsFromRemoteUseCaseTests.swift in Sources */,
				2F4A397129292B6E00849B49 /* RemoteLoaderTests.swift in Sources */,
				2F4792F0290D3B410012D085 /* FeedImageStoreSpy.swift in Sources */,
				2FFAAFBD28F070840015A774 /* CoreDataFeedStoreTests.swift in Sources */,
				2F3769A2290D7B8D006C57BC /* CoreDataFeedImageDataStoreTests.swift in Sources */,
				2F1ECA8E28EC4C5400084C5C /* LoadCachedFeedUseCaseTests.swift in Sources */,
			);
			runOnlyForDeploymentPostprocessing = 0;
		};
		2FFAAFD128F0941E0015A774 /* Sources */ = {
			isa = PBXSourcesBuildPhase;
			buildActionMask = 2147483647;
			files = (
				2FFAAFE228F09C250015A774 /* FeedCacheTestsHelpers.swift in Sources */,
				2FFAAFE128F09C160015A774 /* SharedTestsHelpers.swift in Sources */,
				2FFAAFD828F0941E0015A774 /* EssentialFeedCacheIntegrationTests.swift in Sources */,
				2FFAAFE028F09A580015A774 /* XCTestCase+TrackingMemoryLeak.swift in Sources */,
			);
			runOnlyForDeploymentPostprocessing = 0;
		};
/* End PBXSourcesBuildPhase section */

/* Begin PBXTargetDependency section */
		2F29A8F628E76679001D9E5A /* PBXTargetDependency */ = {
			isa = PBXTargetDependency;
			target = 2F43DAEA28E354EA00578E22 /* EssentialFeed */;
			targetProxy = 2F29A8F528E76679001D9E5A /* PBXContainerItemProxy */;
		};
		2F39320128F1A491005A651E /* PBXTargetDependency */ = {
			isa = PBXTargetDependency;
			target = 2F3931F628F1A490005A651E /* EssentialFeediOS */;
			targetProxy = 2F39320028F1A491005A651E /* PBXContainerItemProxy */;
		};
		2F39321B28F32DD0005A651E /* PBXTargetDependency */ = {
			isa = PBXTargetDependency;
			target = 2F43DAEA28E354EA00578E22 /* EssentialFeed */;
			targetProxy = 2F39321A28F32DD0005A651E /* PBXContainerItemProxy */;
		};
		2F43DAF828E354EB00578E22 /* PBXTargetDependency */ = {
			isa = PBXTargetDependency;
			target = 2F43DAEA28E354EA00578E22 /* EssentialFeed */;
			targetProxy = 2F43DAF728E354EB00578E22 /* PBXContainerItemProxy */;
		};
		2FFAAFDB28F0941E0015A774 /* PBXTargetDependency */ = {
			isa = PBXTargetDependency;
			target = 2F43DAEA28E354EA00578E22 /* EssentialFeed */;
			targetProxy = 2FFAAFDA28F0941E0015A774 /* PBXContainerItemProxy */;
		};
/* End PBXTargetDependency section */

/* Begin PBXVariantGroup section */
		2F3AA47D2909A8E000B02FDA /* Feed.strings */ = {
			isa = PBXVariantGroup;
			children = (
				2F3AA47C2909A8E000B02FDA /* en */,
				2F3AA47E2909A8E400B02FDA /* vi */,
			);
			name = Feed.strings;
			sourceTree = "<group>";
		};
/* End PBXVariantGroup section */

/* Begin XCBuildConfiguration section */
		2F29A8F828E76679001D9E5A /* Debug */ = {
			isa = XCBuildConfiguration;
			buildSettings = {
				"CODE_SIGN_IDENTITY[sdk=macosx*]" = "-";
				CODE_SIGN_STYLE = Automatic;
				CURRENT_PROJECT_VERSION = 1;
				DEVELOPMENT_TEAM = 3RH57V488V;
				GENERATE_INFOPLIST_FILE = YES;
				IPHONEOS_DEPLOYMENT_TARGET = 13.0;
				MACOSX_DEPLOYMENT_TARGET = 11.0;
				MARKETING_VERSION = 1.0;
				PRODUCT_BUNDLE_IDENTIFIER = com.hoangcuulong.EssentialFeedAPIEndToEndTests;
				PRODUCT_NAME = "$(TARGET_NAME)";
				SUPPORTED_PLATFORMS = "macosx iphoneos iphonesimulator";
				SUPPORTS_MACCATALYST = NO;
				SUPPORTS_MAC_DESIGNED_FOR_IPHONE_IPAD = NO;
				SWIFT_EMIT_LOC_STRINGS = NO;
				SWIFT_VERSION = 5.0;
				TVOS_DEPLOYMENT_TARGET = 14.0;
			};
			name = Debug;
		};
		2F29A8F928E76679001D9E5A /* Release */ = {
			isa = XCBuildConfiguration;
			buildSettings = {
				"CODE_SIGN_IDENTITY[sdk=macosx*]" = "-";
				CODE_SIGN_STYLE = Automatic;
				CURRENT_PROJECT_VERSION = 1;
				DEVELOPMENT_TEAM = 3RH57V488V;
				GENERATE_INFOPLIST_FILE = YES;
				IPHONEOS_DEPLOYMENT_TARGET = 13.0;
				MACOSX_DEPLOYMENT_TARGET = 11.0;
				MARKETING_VERSION = 1.0;
				PRODUCT_BUNDLE_IDENTIFIER = com.hoangcuulong.EssentialFeedAPIEndToEndTests;
				PRODUCT_NAME = "$(TARGET_NAME)";
				SUPPORTED_PLATFORMS = "macosx iphoneos iphonesimulator";
				SUPPORTS_MACCATALYST = NO;
				SUPPORTS_MAC_DESIGNED_FOR_IPHONE_IPAD = NO;
				SWIFT_EMIT_LOC_STRINGS = NO;
				SWIFT_VERSION = 5.0;
				TVOS_DEPLOYMENT_TARGET = 14.0;
			};
			name = Release;
		};
		2F39320728F1A491005A651E /* Debug */ = {
			isa = XCBuildConfiguration;
			buildSettings = {
				CLANG_CXX_LANGUAGE_STANDARD = "gnu++20";
				CLANG_ENABLE_MODULES = YES;
				CODE_SIGN_STYLE = Automatic;
				CURRENT_PROJECT_VERSION = 1;
				DEFINES_MODULE = YES;
				DYLIB_COMPATIBILITY_VERSION = 1;
				DYLIB_CURRENT_VERSION = 1;
				DYLIB_INSTALL_NAME_BASE = "@rpath";
				GENERATE_INFOPLIST_FILE = YES;
				INFOPLIST_KEY_NSHumanReadableCopyright = "";
				INSTALL_PATH = "$(LOCAL_LIBRARY_DIR)/Frameworks";
				IPHONEOS_DEPLOYMENT_TARGET = 13.0;
				LD_RUNPATH_SEARCH_PATHS = (
					"$(inherited)",
					"@executable_path/Frameworks",
					"@loader_path/Frameworks",
				);
				MARKETING_VERSION = 1.0;
				PRODUCT_BUNDLE_IDENTIFIER = com.hoangcuulong.EssentialFeediOS;
				PRODUCT_NAME = "$(TARGET_NAME:c99extidentifier)";
				SDKROOT = iphoneos;
				SKIP_INSTALL = YES;
				SUPPORTED_PLATFORMS = "iphoneos iphonesimulator";
				SUPPORTS_MACCATALYST = NO;
				SUPPORTS_MAC_DESIGNED_FOR_IPHONE_IPAD = NO;
				SWIFT_EMIT_LOC_STRINGS = YES;
				SWIFT_OPTIMIZATION_LEVEL = "-Onone";
				SWIFT_VERSION = 5.0;
				TARGETED_DEVICE_FAMILY = "1,2";
			};
			name = Debug;
		};
		2F39320828F1A491005A651E /* Release */ = {
			isa = XCBuildConfiguration;
			buildSettings = {
				CLANG_CXX_LANGUAGE_STANDARD = "gnu++20";
				CLANG_ENABLE_MODULES = YES;
				CODE_SIGN_STYLE = Automatic;
				CURRENT_PROJECT_VERSION = 1;
				DEFINES_MODULE = YES;
				DYLIB_COMPATIBILITY_VERSION = 1;
				DYLIB_CURRENT_VERSION = 1;
				DYLIB_INSTALL_NAME_BASE = "@rpath";
				GENERATE_INFOPLIST_FILE = YES;
				INFOPLIST_KEY_NSHumanReadableCopyright = "";
				INSTALL_PATH = "$(LOCAL_LIBRARY_DIR)/Frameworks";
				IPHONEOS_DEPLOYMENT_TARGET = 13.0;
				LD_RUNPATH_SEARCH_PATHS = (
					"$(inherited)",
					"@executable_path/Frameworks",
					"@loader_path/Frameworks",
				);
				MARKETING_VERSION = 1.0;
				PRODUCT_BUNDLE_IDENTIFIER = com.hoangcuulong.EssentialFeediOS;
				PRODUCT_NAME = "$(TARGET_NAME:c99extidentifier)";
				SDKROOT = iphoneos;
				SKIP_INSTALL = YES;
				SUPPORTED_PLATFORMS = "iphoneos iphonesimulator";
				SUPPORTS_MACCATALYST = NO;
				SUPPORTS_MAC_DESIGNED_FOR_IPHONE_IPAD = NO;
				SWIFT_EMIT_LOC_STRINGS = YES;
				SWIFT_VERSION = 5.0;
				TARGETED_DEVICE_FAMILY = "1,2";
			};
			name = Release;
		};
		2F39320A28F1A491005A651E /* Debug */ = {
			isa = XCBuildConfiguration;
			buildSettings = {
				ALWAYS_EMBED_SWIFT_STANDARD_LIBRARIES = YES;
				CLANG_CXX_LANGUAGE_STANDARD = "gnu++20";
				CLANG_ENABLE_MODULES = YES;
				"CODE_SIGN_IDENTITY[sdk=macosx*]" = "-";
				CODE_SIGN_STYLE = Automatic;
				CURRENT_PROJECT_VERSION = 1;
				DEVELOPMENT_TEAM = "";
				GENERATE_INFOPLIST_FILE = YES;
				IPHONEOS_DEPLOYMENT_TARGET = 13.0;
				LD_RUNPATH_SEARCH_PATHS = (
					"$(inherited)",
					"@executable_path/../Frameworks",
					"@loader_path/../Frameworks",
				);
				MARKETING_VERSION = 1.0;
				PRODUCT_BUNDLE_IDENTIFIER = com.hoangcuulong.EssentialFeediOSTests;
				PRODUCT_NAME = "$(TARGET_NAME)";
				SDKROOT = iphoneos;
				SUPPORTED_PLATFORMS = "iphoneos iphonesimulator";
				SUPPORTS_MACCATALYST = NO;
				SUPPORTS_MAC_DESIGNED_FOR_IPHONE_IPAD = NO;
				SWIFT_EMIT_LOC_STRINGS = NO;
				SWIFT_OPTIMIZATION_LEVEL = "-Onone";
				SWIFT_VERSION = 5.0;
				TARGETED_DEVICE_FAMILY = "1,2";
			};
			name = Debug;
		};
		2F39320B28F1A491005A651E /* Release */ = {
			isa = XCBuildConfiguration;
			buildSettings = {
				ALWAYS_EMBED_SWIFT_STANDARD_LIBRARIES = YES;
				CLANG_CXX_LANGUAGE_STANDARD = "gnu++20";
				CLANG_ENABLE_MODULES = YES;
				"CODE_SIGN_IDENTITY[sdk=macosx*]" = "-";
				CODE_SIGN_STYLE = Automatic;
				CURRENT_PROJECT_VERSION = 1;
				DEVELOPMENT_TEAM = "";
				GENERATE_INFOPLIST_FILE = YES;
				IPHONEOS_DEPLOYMENT_TARGET = 13.0;
				LD_RUNPATH_SEARCH_PATHS = (
					"$(inherited)",
					"@executable_path/../Frameworks",
					"@loader_path/../Frameworks",
				);
				MARKETING_VERSION = 1.0;
				PRODUCT_BUNDLE_IDENTIFIER = com.hoangcuulong.EssentialFeediOSTests;
				PRODUCT_NAME = "$(TARGET_NAME)";
				SDKROOT = iphoneos;
				SUPPORTED_PLATFORMS = "iphoneos iphonesimulator";
				SUPPORTS_MACCATALYST = NO;
				SUPPORTS_MAC_DESIGNED_FOR_IPHONE_IPAD = NO;
				SWIFT_EMIT_LOC_STRINGS = NO;
				SWIFT_VERSION = 5.0;
				TARGETED_DEVICE_FAMILY = "1,2";
			};
			name = Release;
		};
		2F43DAFD28E354EB00578E22 /* Debug */ = {
			isa = XCBuildConfiguration;
			buildSettings = {
				ALWAYS_SEARCH_USER_PATHS = NO;
				CLANG_ANALYZER_NONNULL = YES;
				CLANG_ANALYZER_NUMBER_OBJECT_CONVERSION = YES_AGGRESSIVE;
				CLANG_CXX_LANGUAGE_STANDARD = "gnu++17";
				CLANG_ENABLE_MODULES = YES;
				CLANG_ENABLE_OBJC_ARC = YES;
				CLANG_ENABLE_OBJC_WEAK = YES;
				CLANG_WARN_BLOCK_CAPTURE_AUTORELEASING = YES;
				CLANG_WARN_BOOL_CONVERSION = YES;
				CLANG_WARN_COMMA = YES;
				CLANG_WARN_CONSTANT_CONVERSION = YES;
				CLANG_WARN_DEPRECATED_OBJC_IMPLEMENTATIONS = YES;
				CLANG_WARN_DIRECT_OBJC_ISA_USAGE = YES_ERROR;
				CLANG_WARN_DOCUMENTATION_COMMENTS = YES;
				CLANG_WARN_EMPTY_BODY = YES;
				CLANG_WARN_ENUM_CONVERSION = YES;
				CLANG_WARN_INFINITE_RECURSION = YES;
				CLANG_WARN_INT_CONVERSION = YES;
				CLANG_WARN_NON_LITERAL_NULL_CONVERSION = YES;
				CLANG_WARN_OBJC_IMPLICIT_RETAIN_SELF = YES;
				CLANG_WARN_OBJC_LITERAL_CONVERSION = YES;
				CLANG_WARN_OBJC_ROOT_CLASS = YES_ERROR;
				CLANG_WARN_QUOTED_INCLUDE_IN_FRAMEWORK_HEADER = YES;
				CLANG_WARN_RANGE_LOOP_ANALYSIS = YES;
				CLANG_WARN_STRICT_PROTOTYPES = YES;
				CLANG_WARN_SUSPICIOUS_MOVE = YES;
				CLANG_WARN_UNGUARDED_AVAILABILITY = YES_AGGRESSIVE;
				CLANG_WARN_UNREACHABLE_CODE = YES;
				CLANG_WARN__DUPLICATE_METHOD_MATCH = YES;
				COPY_PHASE_STRIP = NO;
				CURRENT_PROJECT_VERSION = 1;
				DEBUG_INFORMATION_FORMAT = dwarf;
				ENABLE_STRICT_OBJC_MSGSEND = YES;
				ENABLE_TESTABILITY = YES;
				GCC_C_LANGUAGE_STANDARD = gnu11;
				GCC_DYNAMIC_NO_PIC = NO;
				GCC_NO_COMMON_BLOCKS = YES;
				GCC_OPTIMIZATION_LEVEL = 0;
				GCC_PREPROCESSOR_DEFINITIONS = (
					"DEBUG=1",
					"$(inherited)",
				);
				GCC_WARN_64_TO_32_BIT_CONVERSION = YES;
				GCC_WARN_ABOUT_RETURN_TYPE = YES_ERROR;
				GCC_WARN_UNDECLARED_SELECTOR = YES;
				GCC_WARN_UNINITIALIZED_AUTOS = YES_AGGRESSIVE;
				GCC_WARN_UNUSED_FUNCTION = YES;
				GCC_WARN_UNUSED_VARIABLE = YES;
				IPHONEOS_DEPLOYMENT_TARGET = 15.4;
				MTL_ENABLE_DEBUG_INFO = INCLUDE_SOURCE;
				MTL_FAST_MATH = YES;
				ONLY_ACTIVE_ARCH = YES;
				SDKROOT = macosx;
				SUPPORTED_PLATFORMS = "macosx iphoneos iphonesimulator";
				SWIFT_ACTIVE_COMPILATION_CONDITIONS = DEBUG;
				SWIFT_OPTIMIZATION_LEVEL = "-Onone";
				VERSIONING_SYSTEM = "apple-generic";
				VERSION_INFO_PREFIX = "";
			};
			name = Debug;
		};
		2F43DAFE28E354EB00578E22 /* Release */ = {
			isa = XCBuildConfiguration;
			buildSettings = {
				ALWAYS_SEARCH_USER_PATHS = NO;
				CLANG_ANALYZER_NONNULL = YES;
				CLANG_ANALYZER_NUMBER_OBJECT_CONVERSION = YES_AGGRESSIVE;
				CLANG_CXX_LANGUAGE_STANDARD = "gnu++17";
				CLANG_ENABLE_MODULES = YES;
				CLANG_ENABLE_OBJC_ARC = YES;
				CLANG_ENABLE_OBJC_WEAK = YES;
				CLANG_WARN_BLOCK_CAPTURE_AUTORELEASING = YES;
				CLANG_WARN_BOOL_CONVERSION = YES;
				CLANG_WARN_COMMA = YES;
				CLANG_WARN_CONSTANT_CONVERSION = YES;
				CLANG_WARN_DEPRECATED_OBJC_IMPLEMENTATIONS = YES;
				CLANG_WARN_DIRECT_OBJC_ISA_USAGE = YES_ERROR;
				CLANG_WARN_DOCUMENTATION_COMMENTS = YES;
				CLANG_WARN_EMPTY_BODY = YES;
				CLANG_WARN_ENUM_CONVERSION = YES;
				CLANG_WARN_INFINITE_RECURSION = YES;
				CLANG_WARN_INT_CONVERSION = YES;
				CLANG_WARN_NON_LITERAL_NULL_CONVERSION = YES;
				CLANG_WARN_OBJC_IMPLICIT_RETAIN_SELF = YES;
				CLANG_WARN_OBJC_LITERAL_CONVERSION = YES;
				CLANG_WARN_OBJC_ROOT_CLASS = YES_ERROR;
				CLANG_WARN_QUOTED_INCLUDE_IN_FRAMEWORK_HEADER = YES;
				CLANG_WARN_RANGE_LOOP_ANALYSIS = YES;
				CLANG_WARN_STRICT_PROTOTYPES = YES;
				CLANG_WARN_SUSPICIOUS_MOVE = YES;
				CLANG_WARN_UNGUARDED_AVAILABILITY = YES_AGGRESSIVE;
				CLANG_WARN_UNREACHABLE_CODE = YES;
				CLANG_WARN__DUPLICATE_METHOD_MATCH = YES;
				COPY_PHASE_STRIP = NO;
				CURRENT_PROJECT_VERSION = 1;
				DEBUG_INFORMATION_FORMAT = "dwarf-with-dsym";
				ENABLE_NS_ASSERTIONS = NO;
				ENABLE_STRICT_OBJC_MSGSEND = YES;
				GCC_C_LANGUAGE_STANDARD = gnu11;
				GCC_NO_COMMON_BLOCKS = YES;
				GCC_WARN_64_TO_32_BIT_CONVERSION = YES;
				GCC_WARN_ABOUT_RETURN_TYPE = YES_ERROR;
				GCC_WARN_UNDECLARED_SELECTOR = YES;
				GCC_WARN_UNINITIALIZED_AUTOS = YES_AGGRESSIVE;
				GCC_WARN_UNUSED_FUNCTION = YES;
				GCC_WARN_UNUSED_VARIABLE = YES;
				IPHONEOS_DEPLOYMENT_TARGET = 15.4;
				MTL_ENABLE_DEBUG_INFO = NO;
				MTL_FAST_MATH = YES;
				SDKROOT = macosx;
				SUPPORTED_PLATFORMS = "macosx iphoneos iphonesimulator";
				SWIFT_COMPILATION_MODE = wholemodule;
				SWIFT_OPTIMIZATION_LEVEL = "-O";
				VALIDATE_PRODUCT = YES;
				VERSIONING_SYSTEM = "apple-generic";
				VERSION_INFO_PREFIX = "";
			};
			name = Release;
		};
		2F43DB0028E354EB00578E22 /* Debug */ = {
			isa = XCBuildConfiguration;
			buildSettings = {
				CODE_SIGN_IDENTITY = "";
				CODE_SIGN_STYLE = Automatic;
				CURRENT_PROJECT_VERSION = 1;
				DEFINES_MODULE = YES;
				DEVELOPMENT_TEAM = 3RH57V488V;
				DYLIB_COMPATIBILITY_VERSION = 1;
				DYLIB_CURRENT_VERSION = 1;
				DYLIB_INSTALL_NAME_BASE = "@rpath";
				GENERATE_INFOPLIST_FILE = YES;
				INFOPLIST_KEY_NSHumanReadableCopyright = "";
				INSTALL_PATH = "$(LOCAL_LIBRARY_DIR)/Frameworks";
				IPHONEOS_DEPLOYMENT_TARGET = 13.0;
				LD_RUNPATH_SEARCH_PATHS = (
					"$(inherited)",
					"@executable_path/Frameworks",
					"@loader_path/Frameworks",
				);
				MACOSX_DEPLOYMENT_TARGET = 11.0;
				MARKETING_VERSION = 1.0;
				PRODUCT_BUNDLE_IDENTIFIER = com.hoangcuulong.EssentialFeed;
				PRODUCT_NAME = "$(TARGET_NAME:c99extidentifier)";
				SKIP_INSTALL = YES;
				SUPPORTED_PLATFORMS = "iphoneos iphonesimulator macosx";
				SUPPORTS_MACCATALYST = YES;
				SUPPORTS_MAC_DESIGNED_FOR_IPHONE_IPAD = YES;
				SWIFT_EMIT_LOC_STRINGS = YES;
				SWIFT_VERSION = 5.0;
				TARGETED_DEVICE_FAMILY = "1,2";
			};
			name = Debug;
		};
		2F43DB0128E354EB00578E22 /* Release */ = {
			isa = XCBuildConfiguration;
			buildSettings = {
				CODE_SIGN_IDENTITY = "";
				CODE_SIGN_STYLE = Automatic;
				CURRENT_PROJECT_VERSION = 1;
				DEFINES_MODULE = YES;
				DEVELOPMENT_TEAM = 3RH57V488V;
				DYLIB_COMPATIBILITY_VERSION = 1;
				DYLIB_CURRENT_VERSION = 1;
				DYLIB_INSTALL_NAME_BASE = "@rpath";
				GENERATE_INFOPLIST_FILE = YES;
				INFOPLIST_KEY_NSHumanReadableCopyright = "";
				INSTALL_PATH = "$(LOCAL_LIBRARY_DIR)/Frameworks";
				IPHONEOS_DEPLOYMENT_TARGET = 13.0;
				LD_RUNPATH_SEARCH_PATHS = (
					"$(inherited)",
					"@executable_path/Frameworks",
					"@loader_path/Frameworks",
				);
				MACOSX_DEPLOYMENT_TARGET = 11.0;
				MARKETING_VERSION = 1.0;
				PRODUCT_BUNDLE_IDENTIFIER = com.hoangcuulong.EssentialFeed;
				PRODUCT_NAME = "$(TARGET_NAME:c99extidentifier)";
				SKIP_INSTALL = YES;
				SUPPORTED_PLATFORMS = "iphoneos iphonesimulator macosx";
				SUPPORTS_MACCATALYST = YES;
				SUPPORTS_MAC_DESIGNED_FOR_IPHONE_IPAD = YES;
				SWIFT_EMIT_LOC_STRINGS = YES;
				SWIFT_VERSION = 5.0;
				TARGETED_DEVICE_FAMILY = "1,2";
			};
			name = Release;
		};
		2F43DB0328E354EB00578E22 /* Debug */ = {
			isa = XCBuildConfiguration;
			buildSettings = {
				ALWAYS_EMBED_SWIFT_STANDARD_LIBRARIES = YES;
				CODE_SIGN_IDENTITY = "Apple Development";
				CODE_SIGN_STYLE = Automatic;
				CURRENT_PROJECT_VERSION = 1;
				DEVELOPMENT_TEAM = 3RH57V488V;
				GENERATE_INFOPLIST_FILE = YES;
				IPHONEOS_DEPLOYMENT_TARGET = 13.0;
				MACOSX_DEPLOYMENT_TARGET = 11.0;
				MARKETING_VERSION = 1.0;
				PRODUCT_BUNDLE_IDENTIFIER = com.hoangcuulong.EssentialFeedTests;
				PRODUCT_NAME = "$(TARGET_NAME)";
				PROVISIONING_PROFILE_SPECIFIER = "";
				SUPPORTED_PLATFORMS = "macosx iphonesimulator iphoneos";
				SUPPORTS_MACCATALYST = NO;
				SUPPORTS_MAC_DESIGNED_FOR_IPHONE_IPAD = NO;
				SWIFT_EMIT_LOC_STRINGS = NO;
				SWIFT_VERSION = 5.0;
				TVOS_DEPLOYMENT_TARGET = 14.0;
			};
			name = Debug;
		};
		2F43DB0428E354EB00578E22 /* Release */ = {
			isa = XCBuildConfiguration;
			buildSettings = {
				ALWAYS_EMBED_SWIFT_STANDARD_LIBRARIES = YES;
				CODE_SIGN_IDENTITY = "Apple Development";
				CODE_SIGN_STYLE = Automatic;
				CURRENT_PROJECT_VERSION = 1;
				DEVELOPMENT_TEAM = 3RH57V488V;
				GENERATE_INFOPLIST_FILE = YES;
				IPHONEOS_DEPLOYMENT_TARGET = 13.0;
				MACOSX_DEPLOYMENT_TARGET = 11.0;
				MARKETING_VERSION = 1.0;
				PRODUCT_BUNDLE_IDENTIFIER = com.hoangcuulong.EssentialFeedTests;
				PRODUCT_NAME = "$(TARGET_NAME)";
				PROVISIONING_PROFILE_SPECIFIER = "";
				SUPPORTED_PLATFORMS = "macosx iphonesimulator iphoneos";
				SUPPORTS_MACCATALYST = NO;
				SUPPORTS_MAC_DESIGNED_FOR_IPHONE_IPAD = NO;
				SWIFT_EMIT_LOC_STRINGS = NO;
				SWIFT_VERSION = 5.0;
				TVOS_DEPLOYMENT_TARGET = 14.0;
			};
			name = Release;
		};
		2FFAAFDD28F0941E0015A774 /* Debug */ = {
			isa = XCBuildConfiguration;
			buildSettings = {
				CLANG_CXX_LANGUAGE_STANDARD = "gnu++20";
				CODE_SIGN_STYLE = Automatic;
				CURRENT_PROJECT_VERSION = 1;
				GENERATE_INFOPLIST_FILE = YES;
				MACOSX_DEPLOYMENT_TARGET = 11.0;
				MARKETING_VERSION = 1.0;
				PRODUCT_BUNDLE_IDENTIFIER = com.hoangcuulong.EssentialFeedCacheIntegrationTests;
				PRODUCT_NAME = "$(TARGET_NAME)";
				SDKROOT = macosx;
				SUPPORTED_PLATFORMS = "iphoneos iphonesimulator macosx";
				SWIFT_EMIT_LOC_STRINGS = NO;
				SWIFT_VERSION = 5.0;
			};
			name = Debug;
		};
		2FFAAFDE28F0941E0015A774 /* Release */ = {
			isa = XCBuildConfiguration;
			buildSettings = {
				CLANG_CXX_LANGUAGE_STANDARD = "gnu++20";
				CODE_SIGN_STYLE = Automatic;
				CURRENT_PROJECT_VERSION = 1;
				GENERATE_INFOPLIST_FILE = YES;
				MACOSX_DEPLOYMENT_TARGET = 11.0;
				MARKETING_VERSION = 1.0;
				PRODUCT_BUNDLE_IDENTIFIER = com.hoangcuulong.EssentialFeedCacheIntegrationTests;
				PRODUCT_NAME = "$(TARGET_NAME)";
				SDKROOT = macosx;
				SUPPORTED_PLATFORMS = "iphoneos iphonesimulator macosx";
				SWIFT_EMIT_LOC_STRINGS = NO;
				SWIFT_VERSION = 5.0;
			};
			name = Release;
		};
/* End XCBuildConfiguration section */

/* Begin XCConfigurationList section */
		2F29A8F728E76679001D9E5A /* Build configuration list for PBXNativeTarget "EssentialFeedAPIEndToEndTests" */ = {
			isa = XCConfigurationList;
			buildConfigurations = (
				2F29A8F828E76679001D9E5A /* Debug */,
				2F29A8F928E76679001D9E5A /* Release */,
			);
			defaultConfigurationIsVisible = 0;
			defaultConfigurationName = Release;
		};
		2F39320628F1A491005A651E /* Build configuration list for PBXNativeTarget "EssentialFeediOS" */ = {
			isa = XCConfigurationList;
			buildConfigurations = (
				2F39320728F1A491005A651E /* Debug */,
				2F39320828F1A491005A651E /* Release */,
			);
			defaultConfigurationIsVisible = 0;
			defaultConfigurationName = Release;
		};
		2F39320928F1A491005A651E /* Build configuration list for PBXNativeTarget "EssentialFeediOSTests" */ = {
			isa = XCConfigurationList;
			buildConfigurations = (
				2F39320A28F1A491005A651E /* Debug */,
				2F39320B28F1A491005A651E /* Release */,
			);
			defaultConfigurationIsVisible = 0;
			defaultConfigurationName = Release;
		};
		2F43DAE528E354EA00578E22 /* Build configuration list for PBXProject "EssentialFeed" */ = {
			isa = XCConfigurationList;
			buildConfigurations = (
				2F43DAFD28E354EB00578E22 /* Debug */,
				2F43DAFE28E354EB00578E22 /* Release */,
			);
			defaultConfigurationIsVisible = 0;
			defaultConfigurationName = Release;
		};
		2F43DAFF28E354EB00578E22 /* Build configuration list for PBXNativeTarget "EssentialFeed" */ = {
			isa = XCConfigurationList;
			buildConfigurations = (
				2F43DB0028E354EB00578E22 /* Debug */,
				2F43DB0128E354EB00578E22 /* Release */,
			);
			defaultConfigurationIsVisible = 0;
			defaultConfigurationName = Release;
		};
		2F43DB0228E354EB00578E22 /* Build configuration list for PBXNativeTarget "EssentialFeedTests" */ = {
			isa = XCConfigurationList;
			buildConfigurations = (
				2F43DB0328E354EB00578E22 /* Debug */,
				2F43DB0428E354EB00578E22 /* Release */,
			);
			defaultConfigurationIsVisible = 0;
			defaultConfigurationName = Release;
		};
		2FFAAFDC28F0941E0015A774 /* Build configuration list for PBXNativeTarget "EssentialFeedCacheIntegrationTests" */ = {
			isa = XCConfigurationList;
			buildConfigurations = (
				2FFAAFDD28F0941E0015A774 /* Debug */,
				2FFAAFDE28F0941E0015A774 /* Release */,
			);
			defaultConfigurationIsVisible = 0;
			defaultConfigurationName = Release;
		};
/* End XCConfigurationList section */

/* Begin XCVersionGroup section */
		2F23505F290D8EE4004C5BB7 /* FeedStore.xcdatamodeld */ = {
			isa = XCVersionGroup;
			children = (
				2F65C60F290D90F500BE77B6 /* FeedStore2.xcdatamodel */,
				2F235060290D8EE4004C5BB7 /* FeedStore.xcdatamodel */,
			);
			currentVersion = 2F65C60F290D90F500BE77B6 /* FeedStore2.xcdatamodel */;
			path = FeedStore.xcdatamodeld;
			sourceTree = "<group>";
			versionGroupType = wrapper.xcdatamodel;
		};
/* End XCVersionGroup section */
	};
	rootObject = 2F43DAE228E354EA00578E22 /* Project object */;
}
